# This file is generated by running "yarn install" inside your project.
# Manual changes might be lost - proceed with caution!

__metadata:
  version: 4
  cacheKey: 7

"ansi-regex@npm:^3.0.0":
  version: 3.0.0
  resolution: "ansi-regex@npm:3.0.0"
  checksum: 2e3c40d42904366e4a1a7b906ea3ae7968179a50916dfa0fd3e59fd12333c5d95970a9a59067ac3406d97c78784d591f0b841a4efd365dafb261327ae1ea3478
  languageName: node
  linkType: hard

"ansi-styles@npm:^3.2.1":
  version: 3.2.1
  resolution: "ansi-styles@npm:3.2.1"
  dependencies:
    color-convert: ^1.9.0
  checksum: 456e1c23d9277512a47718da75e7fbb0a5ee215ef893c2f76d6b3efe8fceabc861121b80b0362146f5f995d21a1633f05a19bbf6283ae66ac11dc3b9c0bed779
  languageName: node
  linkType: hard

"chalk@npm:2.4.1":
  version: 2.4.1
  resolution: "chalk@npm:2.4.1"
  dependencies:
    ansi-styles: ^3.2.1
    escape-string-regexp: ^1.0.5
    supports-color: ^5.3.0
  checksum: 4622cdba475f17904bf025e38bcdee324e5289a5d677d2d3a8ec57a7ca5d71a1a7d7db633c15ab71bab96cc54607841162ebbae64f7beb4fb07c5df0bb452199
  languageName: node
  linkType: hard

"color-convert@npm:^1.9.0":
  version: 1.9.1
  resolution: "color-convert@npm:1.9.1"
  dependencies:
    color-name: ^1.1.1
  checksum: e87401c5ee62a7ae4c65f47d96f29cbfae1f0dcb032a0e56abc1b008ba04d780f9aca311d216e4e559769905635d7b72bab084f4b2202002c73a364c6db02de9
  languageName: node
  linkType: hard

"color-name@npm:^1.1.1":
  version: 1.1.3
  resolution: "color-name@npm:1.1.3"
  checksum: d8b91bb90aefc05b6ff568cf8889566dcc6269824df6f3c9b8ca842b18d7f4d089c07dc166808d33f22092d4a79167aa56a96a5ff0d21efab548bf44614db43b
  languageName: node
  linkType: hard

"cross-spawn@npm:^6.0.0":
  version: 6.0.5
  resolution: "cross-spawn@npm:6.0.5"
  dependencies:
    nice-try: ^1.0.4
    path-key: ^2.0.1
    semver: ^5.5.0
    shebang-command: ^1.2.0
    which: ^1.2.9
  checksum: 05fbbf957d9b81dc05fd799a238f6aacc2e7cc9783fff3f0e00439a97d6f269c90482571cbf1eeea17200fd119161a2d1f88aa49a8110b176e04f2a70825284f
  languageName: node
  linkType: hard

"escape-string-regexp@npm:^1.0.5":
  version: 1.0.5
  resolution: "escape-string-regexp@npm:1.0.5"
  checksum: f9484b8b4c8827d816e0fd905c25ed4b561376a9c220e1430403ea84619bf680c76a883a48cff8b8e091daf55d6a497e37479f9787b9f15f3c421b6054289744
  languageName: node
  linkType: hard

"execa@npm:0.10.0":
  version: 0.10.0
  resolution: "execa@npm:0.10.0"
  dependencies:
    cross-spawn: ^6.0.0
    get-stream: ^3.0.0
    is-stream: ^1.1.0
    npm-run-path: ^2.0.0
    p-finally: ^1.0.0
    signal-exit: ^3.0.0
    strip-eof: ^1.0.0
  checksum: 9be29fb99105e6580497b6acda8eb4cecb7926fb04c283164daaf1e652439c90a3f961357eb83d3cef001862e007907d7d7b197414d39f69cb6880cd6d428550
  languageName: node
  linkType: hard

"get-stream@npm:^3.0.0":
  version: 3.0.0
  resolution: "get-stream@npm:3.0.0"
  checksum: 83ed722c1b43b3889f12cc4530d663b282a6fee915856d0c7122138d4864a3db54d252df2f9de032d1a2bb6b5a807083954992e583180b500013b2351fb5f440
  languageName: node
  linkType: hard

"has-flag@npm:^3.0.0":
  version: 3.0.0
  resolution: "has-flag@npm:3.0.0"
  checksum: 63aade480d27aeedb3b5b63a2e069d47d0006bf182338d662e7941cdc024e68a28418e0efa8dc5df30db9c4ee2407f39e6ea3f16cfbc6b83848b450826a28aa0
  languageName: node
  linkType: hard

"is-fullwidth-code-point@npm:^2.0.0":
  version: 2.0.0
  resolution: "is-fullwidth-code-point@npm:2.0.0"
  checksum: e1e5284f848ab6885665967cd768292a75022304d4401e78937a68f423047c29bfe87a43a9cdb67a3210fff7bcd5da51469122a0eff59b03261c379e58dbe921
  languageName: node
  linkType: hard

"is-stream@npm:^1.1.0":
  version: 1.1.0
  resolution: "is-stream@npm:1.1.0"
  checksum: 39843ee9ff68ebda05237199f18831eb6e0e28db7799ee9ddaac5573b0681f18b4dc427afdb7b7ad906db545e4648999c42a1810b277acc8451593ff59da00fa
  languageName: node
  linkType: hard

"isexe@npm:^2.0.0":
  version: 2.0.0
  resolution: "isexe@npm:2.0.0"
  checksum: 7b437980bb77881a146fba85cfbdf01edc2b148673e9c2722a1e49661fea73adf524430a80fdbfb8ce9f60d43224e682c657c45030482bd39e0c488fc29b4afe
  languageName: node
  linkType: hard

"minimist@npm:1.2.3":
  version: 1.2.3
  resolution: "minimist@npm:1.2.3"
  checksum: a6bfbd4b22b66c5fcf82b58d2f04a45da64ad010008678e6487a01818570cec0677b160120cb879bd75a04f34758fb3d63e6bcef5417fc363630a9e7be713dee
  languageName: node
  linkType: hard

"nice-try@npm:^1.0.4":
  version: 1.0.4
  resolution: "nice-try@npm:1.0.4"
  checksum: b8c0755de57408eb5ccfba841bd2d45af47bf316dc943c21d6c81a09eeb25e0a0bc41ddb564df0cdd70f1e6b3e5f55457e0a65e0245cc181a8719c1a3abab7b8
  languageName: node
  linkType: hard

"node-fetch@npm:2.6.1":
  version: 2.6.1
  resolution: "node-fetch@npm:2.6.1"
  checksum: cbb171635e538162b977eac5dfe7a1e07a9a02e991924377a6435502291e2f823d306b95aabc455caebf4a118ccf836868462bc70ccc3095af02bb9da61fda37
  languageName: node
  linkType: hard

"npm-run-path@npm:^2.0.0":
  version: 2.0.2
  resolution: "npm-run-path@npm:2.0.2"
  dependencies:
    path-key: ^2.0.0
  checksum: 0a1bc9a1e0faa7e54a011929b830121d5da393f50cbe37c83f3ffd67781b6d176739ba6e8eab5d56faa05738a60f7eb50389673767db0dc887073932f80b9b60
  languageName: node
  linkType: hard

"outdent@npm:0.7.1":
  version: 0.7.1
  resolution: "outdent@npm:0.7.1"
  checksum: 76fe0bec2f7727d42206477a78965a1a8f5e2e5b6f7c3f7d17d38485972d1b32076f431aa3edd0a691ac5cef6370e27c7b564ce03f17f324bc50f0b48b7f9e7f
  languageName: node
  linkType: hard

"p-finally@npm:^1.0.0":
  version: 1.0.0
  resolution: "p-finally@npm:1.0.0"
  checksum: 01f49b2d9c67573b3a1cb253cd9e1ecf5c912b6ba5de8824118bbc8d647bfa6296820b5a536e91ec68a54395d4e1c58de9a381ded3b688074fb446a8fe351931
  languageName: node
  linkType: hard

"path-key@npm:^2.0.0, path-key@npm:^2.0.1":
  version: 2.0.1
  resolution: "path-key@npm:2.0.1"
  checksum: 7dc807a2baa11d6bc0fca72148a0a0ca69ab73d98fbe42e10d22764d1ef547767f2b4ff827c6bc66e733388cd8d54297a45a39499825b9fdfd18959202384029
  languageName: node
  linkType: hard

"root-workspace-0b6124@workspace:.":
  version: 0.0.0-use.local
  resolution: "root-workspace-0b6124@workspace:."
  dependencies:
    chalk: 2.4.1
    execa: 0.10.0
    minimist: 1.2.3
    node-fetch: 2.6.1
    outdent: 0.7.1
    semver: 5.5.0
    string-width: 2.1.1
  languageName: unknown
  linkType: soft

"semver@npm:5.5.0, semver@npm:^5.5.0":
  version: 5.5.0
  resolution: "semver@npm:5.5.0"
  bin:
    semver: ./bin/semver
  checksum: 2e1c199c79342641547b541d36dd997b365fd7aa40ece8acabeafd9eccd5e3240f7337b494c4bd27a9317fda541ee3e90d01d1e3ce7d4c83d42dbf2599b7ba61
  languageName: node
  linkType: hard

"shebang-command@npm:^1.2.0":
  version: 1.2.0
  resolution: "shebang-command@npm:1.2.0"
  dependencies:
    shebang-regex: ^1.0.0
  checksum: 2a1e0092a6b80b14ec742ef4e982be8aa670edc7de3e8c68b26744fb535051f7d92518106387b52e9aabe0c1ceae33d23a7dfdb94c3d7f5035c3868b723a2854
  languageName: node
  linkType: hard

"shebang-regex@npm:^1.0.0":
  version: 1.0.0
  resolution: "shebang-regex@npm:1.0.0"
  checksum: cf1a41cb09023e7d39739d7145fcba57c3fabc6728b78ce706f7315cf52dfadf30f7eea664e069224fbcbbfb6ab853bc55ac45f494b47ee73fc209c98487fae5
  languageName: node
  linkType: hard

"signal-exit@npm:^3.0.0":
  version: 3.0.2
  resolution: "signal-exit@npm:3.0.2"
  checksum: e4a13a074d8f32d804950dd21490295513c683a5692685b96087b29de3b74990e798c61c7bd4c6133c34c890f6133ad6361e26fd6a7b142b86aa4df13449444e
  languageName: node
  linkType: hard

"string-width@npm:2.1.1":
  version: 2.1.1
  resolution: "string-width@npm:2.1.1"
  dependencies:
    is-fullwidth-code-point: ^2.0.0
    strip-ansi: ^4.0.0
  checksum: 906b4887c39d247e9d12dfffb42bfe68655b52d27758eb13e069dce0f4cf2e7f82441dbbe44f7279298781e6f68e1c659451bd4d9e2bbe9d487a157ad14ae1bd
  languageName: node
  linkType: hard

"strip-ansi@npm:^4.0.0":
  version: 4.0.0
  resolution: "strip-ansi@npm:4.0.0"
  dependencies:
    ansi-regex: ^3.0.0
  checksum: 9ac63872c2ba5e8a946c6f3a9c1ab81db5b43bce0d24a33b016e5666d3efda421f721447a1962611053a3ca1595b8742b0216fcc25886958d4565b7afcd27013
  languageName: node
  linkType: hard

"strip-eof@npm:^1.0.0":
  version: 1.0.0
  resolution: "strip-eof@npm:1.0.0"
  checksum: 905cd8718ad2e7b3a9c4bc6a9ed409c38b8cef638845a9471884547de0dbe611828d584e749a38d3eebc2d3c830ea9c619d78875a639b7413d93080661807376
  languageName: node
  linkType: hard

"supports-color@npm:^5.3.0":
  version: 5.4.0
  resolution: "supports-color@npm:5.4.0"
  dependencies:
    has-flag: ^3.0.0
  checksum: 4ca1281927b0f7fe9a95dae1249deb805d156cd13dd38234f2d0f80682aa6337b5cbd0fb2c16703e02efb149c2ff6f0587a912850f5156b32e6f53e6051c8ad5
  languageName: node
  linkType: hard

"which@npm:^1.2.9":
  version: 1.3.1
  resolution: "which@npm:1.3.1"
  dependencies:
    isexe: ^2.0.0
  bin:
    which: ./bin/which
  checksum: 298d95f9c185c4da22c1bfb1fdfa37c2ba56df8a6b98706ab361bf31a7d3a4845afaecfc48d4de7a259048842b5f2977f51b56f5c06c1f6a83dcf5a9e3de634a
  languageName: node
  linkType: hard
