# This file is generated by running "yarn install" inside your project.
# Manual changes might be lost - proceed with caution!

__metadata:
  version: 8
  cacheKey: 10

"@jridgewell/gen-mapping@npm:^0.3.5":
  version: 0.3.5
  resolution: "@jridgewell/gen-mapping@npm:0.3.5"
  dependencies:
    "@jridgewell/set-array": "npm:^1.2.1"
    "@jridgewell/sourcemap-codec": "npm:^1.4.10"
    "@jridgewell/trace-mapping": "npm:^0.3.24"
  checksum: 10/81587b3c4dd8e6c60252122937cea0c637486311f4ed208b52b62aae2e7a87598f63ec330e6cd0984af494bfb16d3f0d60d3b21d7e5b4aedd2602ff3fe9d32e2
  languageName: node
  linkType: hard

"@jridgewell/resolve-uri@npm:^3.1.0":
  version: 3.1.2
  resolution: "@jridgewell/resolve-uri@npm:3.1.2"
  checksum: 10/97106439d750a409c22c8bff822d648f6a71f3aa9bc8e5129efdc36343cd3096ddc4eeb1c62d2fe48e9bdd4db37b05d4646a17114ecebd3bbcacfa2de51c3c1d
  languageName: node
  linkType: hard

"@jridgewell/set-array@npm:^1.2.1":
  version: 1.2.1
  resolution: "@jridgewell/set-array@npm:1.2.1"
  checksum: 10/832e513a85a588f8ed4f27d1279420d8547743cc37fcad5a5a76fc74bb895b013dfe614d0eed9cb860048e6546b798f8f2652020b4b2ba0561b05caa8c654b10
  languageName: node
  linkType: hard

"@jridgewell/source-map@npm:^0.3.3":
  version: 0.3.6
  resolution: "@jridgewell/source-map@npm:0.3.6"
  dependencies:
    "@jridgewell/gen-mapping": "npm:^0.3.5"
    "@jridgewell/trace-mapping": "npm:^0.3.25"
  checksum: 10/0a9aca9320dc9044014ba0ef989b3a8411b0d778895553e3b7ca2ac0a75a20af4a5ad3f202acfb1879fa40466036a4417e1d5b38305baed8b9c1ebe6e4b3e7f5
  languageName: node
  linkType: hard

"@jridgewell/sourcemap-codec@npm:^1.4.10, @jridgewell/sourcemap-codec@npm:^1.4.14":
  version: 1.5.0
  resolution: "@jridgewell/sourcemap-codec@npm:1.5.0"
  checksum: 10/4ed6123217569a1484419ac53f6ea0d9f3b57e5b57ab30d7c267bdb27792a27eb0e4b08e84a2680aa55cc2f2b411ffd6ec3db01c44fdc6dc43aca4b55f8374fd
  languageName: node
  linkType: hard

"@jridgewell/trace-mapping@npm:^0.3.24, @jridgewell/trace-mapping@npm:^0.3.25":
  version: 0.3.25
  resolution: "@jridgewell/trace-mapping@npm:0.3.25"
  dependencies:
    "@jridgewell/resolve-uri": "npm:^3.1.0"
    "@jridgewell/sourcemap-codec": "npm:^1.4.14"
  checksum: 10/dced32160a44b49d531b80a4a2159dceab6b3ddf0c8e95a0deae4b0e894b172defa63d5ac52a19c2068e1fe7d31ea4ba931fbeec103233ecb4208953967120fc
  languageName: node
  linkType: hard

"@prettier/bundle-test@workspace:.":
  version: 0.0.0-use.local
  resolution: "@prettier/bundle-test@workspace:."
  dependencies:
    webpack: "npm:5.98.0"
  languageName: unknown
  linkType: soft

"@types/eslint-scope@npm:^3.7.7":
  version: 3.7.7
  resolution: "@types/eslint-scope@npm:3.7.7"
  dependencies:
    "@types/eslint": "npm:*"
    "@types/estree": "npm:*"
  checksum: 10/e2889a124aaab0b89af1bab5959847c5bec09809209255de0e63b9f54c629a94781daa04adb66bffcdd742f5e25a17614fb933965093c0eea64aacda4309380e
  languageName: node
  linkType: hard

"@types/eslint@npm:*":
  version: 9.6.1
  resolution: "@types/eslint@npm:9.6.1"
  dependencies:
    "@types/estree": "npm:*"
    "@types/json-schema": "npm:*"
  checksum: 10/719fcd255760168a43d0e306ef87548e1e15bffe361d5f4022b0f266575637acc0ecb85604ac97879ee8ae83c6a6d0613b0ed31d0209ddf22a0fe6d608fc56fe
  languageName: node
  linkType: hard

"@types/estree@npm:*, @types/estree@npm:^1.0.6":
  version: 1.0.6
  resolution: "@types/estree@npm:1.0.6"
  checksum: 10/9d35d475095199c23e05b431bcdd1f6fec7380612aed068b14b2a08aa70494de8a9026765a5a91b1073f636fb0368f6d8973f518a31391d519e20c59388ed88d
  languageName: node
  linkType: hard

"@types/json-schema@npm:*, @types/json-schema@npm:^7.0.9":
  version: 7.0.15
  resolution: "@types/json-schema@npm:7.0.15"
  checksum: 10/1a3c3e06236e4c4aab89499c428d585527ce50c24fe8259e8b3926d3df4cfbbbcf306cfc73ddfb66cbafc973116efd15967020b0f738f63e09e64c7d260519e7
  languageName: node
  linkType: hard

"@types/node@npm:*":
  version: 22.9.3
  resolution: "@types/node@npm:22.9.3"
  dependencies:
    undici-types: "npm:~6.19.8"
  checksum: 10/c32a03ff998b8c6cf7d653216508a92b1e6569dd5031ea6cfc2aaa8c75ebbf4172bf1602f0e1f673086e210787dc96667b99ba4d919bc151f9a1f88aeac42822
  languageName: node
  linkType: hard

"@webassemblyjs/ast@npm:1.14.1, @webassemblyjs/ast@npm:^1.14.1":
  version: 1.14.1
  resolution: "@webassemblyjs/ast@npm:1.14.1"
  dependencies:
    "@webassemblyjs/helper-numbers": "npm:1.13.2"
    "@webassemblyjs/helper-wasm-bytecode": "npm:1.13.2"
  checksum: 10/f83e6abe38057f5d87c1fb356513a371a8b43c9b87657f2790741a66b1ef8ecf958d1391bc42f27c5fb33f58ab8286a38ea849fdd21f433cd4df1307424bab45
  languageName: node
  linkType: hard

"@webassemblyjs/floating-point-hex-parser@npm:1.13.2":
  version: 1.13.2
  resolution: "@webassemblyjs/floating-point-hex-parser@npm:1.13.2"
  checksum: 10/e866ec8433f4a70baa511df5e8f2ebcd6c24f4e2cc6274c7c5aabe2bcce3459ea4680e0f35d450e1f3602acf3913b6b8e4f15069c8cfd34ae8609fb9a7d01795
  languageName: node
  linkType: hard

"@webassemblyjs/helper-api-error@npm:1.13.2":
  version: 1.13.2
  resolution: "@webassemblyjs/helper-api-error@npm:1.13.2"
  checksum: 10/48b5df7fd3095bb252f59a139fe2cbd999a62ac9b488123e9a0da3906ad8a2f2da7b2eb21d328c01a90da987380928706395c2897d1f3ed9e2125b6d75a920d0
  languageName: node
  linkType: hard

"@webassemblyjs/helper-buffer@npm:1.14.1":
  version: 1.14.1
  resolution: "@webassemblyjs/helper-buffer@npm:1.14.1"
  checksum: 10/9690afeafa5e765a34620aa6216e9d40f9126d4e37e9726a2594bf60cab6b211ef20ab6670fd3c4449dd4a3497e69e49b2b725c8da0fb213208c7f45f15f5d5b
  languageName: node
  linkType: hard

"@webassemblyjs/helper-numbers@npm:1.13.2":
  version: 1.13.2
  resolution: "@webassemblyjs/helper-numbers@npm:1.13.2"
  dependencies:
    "@webassemblyjs/floating-point-hex-parser": "npm:1.13.2"
    "@webassemblyjs/helper-api-error": "npm:1.13.2"
    "@xtuc/long": "npm:4.2.2"
  checksum: 10/e4c7d0b09811e1cda8eec644a022b560b28f4e974f50195375ccd007df5ee48a922a6dcff5ac40b6a8ec850d56d0ea6419318eee49fec7819ede14e90417a6a4
  languageName: node
  linkType: hard

"@webassemblyjs/helper-wasm-bytecode@npm:1.13.2":
  version: 1.13.2
  resolution: "@webassemblyjs/helper-wasm-bytecode@npm:1.13.2"
  checksum: 10/3edd191fff7296df1ef3b023bdbe6cb5ea668f6386fd197ccfce46015c6f2a8cc9763cfb86503a0b94973ad27996645afff2252ee39a236513833259a47af6ed
  languageName: node
  linkType: hard

"@webassemblyjs/helper-wasm-section@npm:1.14.1":
  version: 1.14.1
  resolution: "@webassemblyjs/helper-wasm-section@npm:1.14.1"
  dependencies:
    "@webassemblyjs/ast": "npm:1.14.1"
    "@webassemblyjs/helper-buffer": "npm:1.14.1"
    "@webassemblyjs/helper-wasm-bytecode": "npm:1.13.2"
    "@webassemblyjs/wasm-gen": "npm:1.14.1"
  checksum: 10/6b73874f906532512371181d7088460f767966f26309e836060c5a8e4e4bfe6d523fb5f4c034b34aa22ebb1192815f95f0e264298769485c1f0980fdd63ae0ce
  languageName: node
  linkType: hard

"@webassemblyjs/ieee754@npm:1.13.2":
  version: 1.13.2
  resolution: "@webassemblyjs/ieee754@npm:1.13.2"
  dependencies:
    "@xtuc/ieee754": "npm:^1.2.0"
  checksum: 10/d7e3520baa37a7309fa7db4d73d69fb869878853b1ebd4b168821bd03fcc4c0e1669c06231315b0039035d9a7a462e53de3ad982da4a426a4b0743b5888e8673
  languageName: node
  linkType: hard

"@webassemblyjs/leb128@npm:1.13.2":
  version: 1.13.2
  resolution: "@webassemblyjs/leb128@npm:1.13.2"
  dependencies:
    "@xtuc/long": "npm:4.2.2"
  checksum: 10/3a10542c86807061ec3230bac8ee732289c852b6bceb4b88ebd521a12fbcecec7c432848284b298154f28619e2746efbed19d6904aef06c49ef20a0b85f650cf
  languageName: node
  linkType: hard

"@webassemblyjs/utf8@npm:1.13.2":
  version: 1.13.2
  resolution: "@webassemblyjs/utf8@npm:1.13.2"
  checksum: 10/27885e5d19f339501feb210867d69613f281eda695ac508f04d69fa3398133d05b6870969c0242b054dc05420ed1cc49a64dea4fe0588c18d211cddb0117cc54
  languageName: node
  linkType: hard

"@webassemblyjs/wasm-edit@npm:^1.14.1":
  version: 1.14.1
  resolution: "@webassemblyjs/wasm-edit@npm:1.14.1"
  dependencies:
    "@webassemblyjs/ast": "npm:1.14.1"
    "@webassemblyjs/helper-buffer": "npm:1.14.1"
    "@webassemblyjs/helper-wasm-bytecode": "npm:1.13.2"
    "@webassemblyjs/helper-wasm-section": "npm:1.14.1"
    "@webassemblyjs/wasm-gen": "npm:1.14.1"
    "@webassemblyjs/wasm-opt": "npm:1.14.1"
    "@webassemblyjs/wasm-parser": "npm:1.14.1"
    "@webassemblyjs/wast-printer": "npm:1.14.1"
  checksum: 10/c62c50eadcf80876713f8c9f24106b18cf208160ab842fcb92060fd78c37bf37e7fcf0b7cbf1afc05d230277c2ce0f3f728432082c472dd1293e184a95f9dbdd
  languageName: node
  linkType: hard

"@webassemblyjs/wasm-gen@npm:1.14.1":
  version: 1.14.1
  resolution: "@webassemblyjs/wasm-gen@npm:1.14.1"
  dependencies:
    "@webassemblyjs/ast": "npm:1.14.1"
    "@webassemblyjs/helper-wasm-bytecode": "npm:1.13.2"
    "@webassemblyjs/ieee754": "npm:1.13.2"
    "@webassemblyjs/leb128": "npm:1.13.2"
    "@webassemblyjs/utf8": "npm:1.13.2"
  checksum: 10/6085166b0987d3031355fe17a4f9ef0f412e08098d95454059aced2bd72a4c3df2bc099fa4d32d640551fc3eca1ac1a997b44432e46dc9d84642688e42c17ed4
  languageName: node
  linkType: hard

"@webassemblyjs/wasm-opt@npm:1.14.1":
  version: 1.14.1
  resolution: "@webassemblyjs/wasm-opt@npm:1.14.1"
  dependencies:
    "@webassemblyjs/ast": "npm:1.14.1"
    "@webassemblyjs/helper-buffer": "npm:1.14.1"
    "@webassemblyjs/wasm-gen": "npm:1.14.1"
    "@webassemblyjs/wasm-parser": "npm:1.14.1"
  checksum: 10/fa5d1ef8d2156e7390927f938f513b7fb4440dd6804b3d6c8622b7b1cf25a3abf1a5809f615896d4918e04b27b52bc3cbcf18faf2d563cb563ae0a9204a492db
  languageName: node
  linkType: hard

"@webassemblyjs/wasm-parser@npm:1.14.1, @webassemblyjs/wasm-parser@npm:^1.14.1":
  version: 1.14.1
  resolution: "@webassemblyjs/wasm-parser@npm:1.14.1"
  dependencies:
    "@webassemblyjs/ast": "npm:1.14.1"
    "@webassemblyjs/helper-api-error": "npm:1.13.2"
    "@webassemblyjs/helper-wasm-bytecode": "npm:1.13.2"
    "@webassemblyjs/ieee754": "npm:1.13.2"
    "@webassemblyjs/leb128": "npm:1.13.2"
    "@webassemblyjs/utf8": "npm:1.13.2"
  checksum: 10/07d9805fda88a893c984ed93d5a772d20d671e9731358ab61c6c1af8e0e58d1c42fc230c18974dfddebc9d2dd7775d514ba4d445e70080b16478b4b16c39c7d9
  languageName: node
  linkType: hard

"@webassemblyjs/wast-printer@npm:1.14.1":
  version: 1.14.1
  resolution: "@webassemblyjs/wast-printer@npm:1.14.1"
  dependencies:
    "@webassemblyjs/ast": "npm:1.14.1"
    "@xtuc/long": "npm:4.2.2"
  checksum: 10/cef09aad2fcd291bfcf9efdae2ea1e961a1ba0f925d1d9dcdd8c746d32fbaf431b6d26a0241699c0e39f82139018aa720b4ceb84ac6f4c78f13072747480db69
  languageName: node
  linkType: hard

"@xtuc/ieee754@npm:^1.2.0":
  version: 1.2.0
  resolution: "@xtuc/ieee754@npm:1.2.0"
  checksum: 10/ab033b032927d77e2f9fa67accdf31b1ca7440974c21c9cfabc8349e10ca2817646171c4f23be98d0e31896d6c2c3462a074fe37752e523abc3e45c79254259c
  languageName: node
  linkType: hard

"@xtuc/long@npm:4.2.2":
  version: 4.2.2
  resolution: "@xtuc/long@npm:4.2.2"
  checksum: 10/7217bae9fe240e0d804969e7b2af11cb04ec608837c78b56ca88831991b287e232a0b7fce8d548beaff42aaf0197ffa471d81be6ac4c4e53b0148025a2c076ec
  languageName: node
  linkType: hard

"acorn@npm:^8.14.0, acorn@npm:^8.8.2":
  version: 8.14.0
  resolution: "acorn@npm:8.14.0"
  bin:
    acorn: bin/acorn
  checksum: 10/6df29c35556782ca9e632db461a7f97947772c6c1d5438a81f0c873a3da3a792487e83e404d1c6c25f70513e91aa18745f6eafb1fcc3a43ecd1920b21dd173d2
  languageName: node
  linkType: hard

"ajv-formats@npm:^2.1.1":
  version: 2.1.1
  resolution: "ajv-formats@npm:2.1.1"
  dependencies:
    ajv: "npm:^8.0.0"
  peerDependencies:
    ajv: ^8.0.0
  peerDependenciesMeta:
    ajv:
      optional: true
  checksum: 10/70c263ded219bf277ffd9127f793b625f10a46113b2e901e150da41931fcfd7f5592da6d66862f4449bb157ffe65867c3294a7df1d661cc232c4163d5a1718ed
  languageName: node
  linkType: hard

"ajv-keywords@npm:^5.1.0":
  version: 5.1.0
  resolution: "ajv-keywords@npm:5.1.0"
  dependencies:
    fast-deep-equal: "npm:^3.1.3"
  peerDependencies:
    ajv: ^8.8.2
  checksum: 10/5021f96ab7ddd03a4005326bd06f45f448ebfbb0fe7018b1b70b6c28142fa68372bda2057359814b83fd0b2d4c8726c297f0a7557b15377be7b56ce5344533d8
  languageName: node
  linkType: hard

"ajv@npm:^8.0.0, ajv@npm:^8.9.0":
  version: 8.17.1
  resolution: "ajv@npm:8.17.1"
  dependencies:
    fast-deep-equal: "npm:^3.1.3"
    fast-uri: "npm:^3.0.1"
    json-schema-traverse: "npm:^1.0.0"
    require-from-string: "npm:^2.0.2"
  checksum: 10/ee3c62162c953e91986c838f004132b6a253d700f1e51253b99791e2dbfdb39161bc950ebdc2f156f8568035bb5ed8be7bd78289cd9ecbf3381fe8f5b82e3f33
  languageName: node
  linkType: hard

"browserslist@npm:^4.24.0":
  version: 4.24.2
  resolution: "browserslist@npm:4.24.2"
  dependencies:
    caniuse-lite: "npm:^1.0.30001669"
    electron-to-chromium: "npm:^1.5.41"
    node-releases: "npm:^2.0.18"
    update-browserslist-db: "npm:^1.1.1"
  bin:
    browserslist: cli.js
  checksum: 10/f8a9d78bbabe466c57ffd5c50a9e5582a5df9aa68f43078ca62a9f6d0d6c70ba72eca72d0a574dbf177cf55cdca85a46f7eb474917a47ae5398c66f8b76f7d1c
  languageName: node
  linkType: hard

"buffer-from@npm:^1.0.0":
  version: 1.1.2
  resolution: "buffer-from@npm:1.1.2"
  checksum: 10/0448524a562b37d4d7ed9efd91685a5b77a50672c556ea254ac9a6d30e3403a517d8981f10e565db24e8339413b43c97ca2951f10e399c6125a0d8911f5679bb
  languageName: node
  linkType: hard

"caniuse-lite@npm:^1.0.30001669":
  version: 1.0.30001684
  resolution: "caniuse-lite@npm:1.0.30001684"
  checksum: 10/35dd0941dd32319c87409441e8400faea32114c4a74938c29262a613160d2890a4f57902e24c770f076dbd0b85c4442aa135f9f641d4a74a9246fe624e6f780a
  languageName: node
  linkType: hard

"chrome-trace-event@npm:^1.0.2":
  version: 1.0.4
  resolution: "chrome-trace-event@npm:1.0.4"
  checksum: 10/1762bed739774903bf5915fe3045c3120fc3c7f7d929d88e566447ea38944937a6370ccb687278318c43c24f837ad22dac780bed67c066336815557b8cf558c6
  languageName: node
  linkType: hard

"commander@npm:^2.20.0":
  version: 2.20.3
  resolution: "commander@npm:2.20.3"
  checksum: 10/90c5b6898610cd075984c58c4f88418a4fb44af08c1b1415e9854c03171bec31b336b7f3e4cefe33de994b3f12b03c5e2d638da4316df83593b9e82554e7e95b
  languageName: node
  linkType: hard

"electron-to-chromium@npm:^1.5.41":
  version: 1.5.64
  resolution: "electron-to-chromium@npm:1.5.64"
  checksum: 10/285245ee0e47fbe356d6a0e7e183bdbf8628f018f6708a1a23697f1ae7ac8a512a122d518bed8ea228fa6fef6ac4a8c68702607c1244ce9660fd4cdcfdc8ddd3
  languageName: node
  linkType: hard

"enhanced-resolve@npm:^5.17.1":
  version: 5.17.1
  resolution: "enhanced-resolve@npm:5.17.1"
  dependencies:
    graceful-fs: "npm:^4.2.4"
    tapable: "npm:^2.2.0"
  checksum: 10/e8e03cb7a4bf3c0250a89afbd29e5ec20e90ba5fcd026066232a0754864d7d0a393fa6fc0e5379314a6529165a1834b36731147080714459d98924520410d8f5
  languageName: node
  linkType: hard

"es-module-lexer@npm:^1.2.1":
  version: 1.5.4
  resolution: "es-module-lexer@npm:1.5.4"
  checksum: 10/f29c7c97a58eb17640dcbd71bd6ef754ad4f58f95c3073894573d29dae2cad43ecd2060d97ed5b866dfb7804d5590fb7de1d2c5339a5fceae8bd60b580387fc5
  languageName: node
  linkType: hard

"escalade@npm:^3.2.0":
  version: 3.2.0
  resolution: "escalade@npm:3.2.0"
  checksum: 10/9d7169e3965b2f9ae46971afa392f6e5a25545ea30f2e2dd99c9b0a95a3f52b5653681a84f5b2911a413ddad2d7a93d3514165072f349b5ffc59c75a899970d6
  languageName: node
  linkType: hard

"eslint-scope@npm:5.1.1":
  version: 5.1.1
  resolution: "eslint-scope@npm:5.1.1"
  dependencies:
    esrecurse: "npm:^4.3.0"
    estraverse: "npm:^4.1.1"
  checksum: 10/c541ef384c92eb5c999b7d3443d80195fcafb3da335500946f6db76539b87d5826c8f2e1d23bf6afc3154ba8cd7c8e566f8dc00f1eea25fdf3afc8fb9c87b238
  languageName: node
  linkType: hard

"esrecurse@npm:^4.3.0":
  version: 4.3.0
  resolution: "esrecurse@npm:4.3.0"
  dependencies:
    estraverse: "npm:^5.2.0"
  checksum: 10/44ffcd89e714ea6b30143e7f119b104fc4d75e77ee913f34d59076b40ef2d21967f84e019f84e1fd0465b42cdbf725db449f232b5e47f29df29ed76194db8e16
  languageName: node
  linkType: hard

"estraverse@npm:^4.1.1":
  version: 4.3.0
  resolution: "estraverse@npm:4.3.0"
  checksum: 10/3f67ad02b6dbfaddd9ea459cf2b6ef4ecff9a6082a7af9d22e445b9abc082ad9ca47e1825557b293fcdae477f4714e561123e30bb6a5b2f184fb2bad4a9497eb
  languageName: node
  linkType: hard

"estraverse@npm:^5.2.0":
  version: 5.3.0
  resolution: "estraverse@npm:5.3.0"
  checksum: 10/37cbe6e9a68014d34dbdc039f90d0baf72436809d02edffcc06ba3c2a12eb298048f877511353b130153e532aac8d68ba78430c0dd2f44806ebc7c014b01585e
  languageName: node
  linkType: hard

"events@npm:^3.2.0":
  version: 3.3.0
  resolution: "events@npm:3.3.0"
  checksum: 10/a3d47e285e28d324d7180f1e493961a2bbb4cad6412090e4dec114f4db1f5b560c7696ee8e758f55e23913ede856e3689cd3aa9ae13c56b5d8314cd3b3ddd1be
  languageName: node
  linkType: hard

"fast-deep-equal@npm:^3.1.3":
  version: 3.1.3
  resolution: "fast-deep-equal@npm:3.1.3"
  checksum: 10/e21a9d8d84f53493b6aa15efc9cfd53dd5b714a1f23f67fb5dc8f574af80df889b3bce25dc081887c6d25457cce704e636395333abad896ccdec03abaf1f3f9d
  languageName: node
  linkType: hard

"fast-uri@npm:^3.0.1":
  version: 3.0.6
  resolution: "fast-uri@npm:3.0.6"
  checksum: 10/43c87cd03926b072a241590e49eca0e2dfe1d347ddffd4b15307613b42b8eacce00a315cf3c7374736b5f343f27e27ec88726260eb03a758336d507d6fbaba0a
  languageName: node
  linkType: hard

"glob-to-regexp@npm:^0.4.1":
  version: 0.4.1
  resolution: "glob-to-regexp@npm:0.4.1"
  checksum: 10/9009529195a955c40d7b9690794aeff5ba665cc38f1519e111c58bb54366fd0c106bde80acf97ba4e533208eb53422c83b136611a54c5fefb1edd8dc267cb62e
  languageName: node
  linkType: hard

"graceful-fs@npm:^4.1.2, graceful-fs@npm:^4.2.11, graceful-fs@npm:^4.2.4":
  version: 4.2.11
  resolution: "graceful-fs@npm:4.2.11"
  checksum: 10/bf152d0ed1dc159239db1ba1f74fdbc40cb02f626770dcd5815c427ce0688c2635a06ed69af364396da4636d0408fcf7d4afdf7881724c3307e46aff30ca49e2
  languageName: node
  linkType: hard

"has-flag@npm:^4.0.0":
  version: 4.0.0
  resolution: "has-flag@npm:4.0.0"
  checksum: 10/261a1357037ead75e338156b1f9452c016a37dcd3283a972a30d9e4a87441ba372c8b81f818cd0fbcd9c0354b4ae7e18b9e1afa1971164aef6d18c2b6095a8ad
  languageName: node
  linkType: hard

"jest-worker@npm:^27.4.5":
  version: 27.5.1
  resolution: "jest-worker@npm:27.5.1"
  dependencies:
    "@types/node": "npm:*"
    merge-stream: "npm:^2.0.0"
    supports-color: "npm:^8.0.0"
  checksum: 10/06c6e2a84591d9ede704d5022fc13791e8876e83397c89d481b0063332abbb64c0f01ef4ca7de520b35c7a1058556078d6bdc3631376f4e9ffb42316c1a8488e
  languageName: node
  linkType: hard

"json-parse-even-better-errors@npm:^2.3.1":
  version: 2.3.1
  resolution: "json-parse-even-better-errors@npm:2.3.1"
  checksum: 10/5f3a99009ed5f2a5a67d06e2f298cc97bc86d462034173308156f15b43a6e850be8511dc204b9b94566305da2947f7d90289657237d210351a39059ff9d666cf
  languageName: node
  linkType: hard

"json-schema-traverse@npm:^1.0.0":
  version: 1.0.0
  resolution: "json-schema-traverse@npm:1.0.0"
  checksum: 10/02f2f466cdb0362558b2f1fd5e15cce82ef55d60cd7f8fa828cf35ba74330f8d767fcae5c5c2adb7851fa811766c694b9405810879bc4e1ddd78a7c0e03658ad
  languageName: node
  linkType: hard

"loader-runner@npm:^4.2.0":
  version: 4.3.0
  resolution: "loader-runner@npm:4.3.0"
  checksum: 10/555ae002869c1e8942a0efd29a99b50a0ce6c3296efea95caf48f00d7f6f7f659203ed6613688b6181aa81dc76de3e65ece43094c6dffef3127fe1a84d973cd3
  languageName: node
  linkType: hard

"merge-stream@npm:^2.0.0":
  version: 2.0.0
  resolution: "merge-stream@npm:2.0.0"
  checksum: 10/6fa4dcc8d86629705cea944a4b88ef4cb0e07656ebf223fa287443256414283dd25d91c1cd84c77987f2aec5927af1a9db6085757cb43d90eb170ebf4b47f4f4
  languageName: node
  linkType: hard

"mime-db@npm:1.52.0":
  version: 1.52.0
  resolution: "mime-db@npm:1.52.0"
  checksum: 10/54bb60bf39e6f8689f6622784e668a3d7f8bed6b0d886f5c3c446cb3284be28b30bf707ed05d0fe44a036f8469976b2629bbea182684977b084de9da274694d7
  languageName: node
  linkType: hard

"mime-types@npm:^2.1.27":
  version: 2.1.35
  resolution: "mime-types@npm:2.1.35"
  dependencies:
    mime-db: "npm:1.52.0"
  checksum: 10/89aa9651b67644035de2784a6e665fc685d79aba61857e02b9c8758da874a754aed4a9aced9265f5ed1171fd934331e5516b84a7f0218031b6fa0270eca1e51a
  languageName: node
  linkType: hard

"neo-async@npm:^2.6.2":
  version: 2.6.2
  resolution: "neo-async@npm:2.6.2"
  checksum: 10/1a7948fea86f2b33ec766bc899c88796a51ba76a4afc9026764aedc6e7cde692a09067031e4a1bf6db4f978ccd99e7f5b6c03fe47ad9865c3d4f99050d67e002
  languageName: node
  linkType: hard

"node-releases@npm:^2.0.18":
  version: 2.0.18
  resolution: "node-releases@npm:2.0.18"
  checksum: 10/241e5fa9556f1c12bafb83c6c3e94f8cf3d8f2f8f904906ecef6e10bcaa1d59aa61212d4651bec70052015fc54bd3fdcdbe7fc0f638a17e6685aa586c076ec4e
  languageName: node
  linkType: hard

"picocolors@npm:^1.1.0":
  version: 1.1.1
  resolution: "picocolors@npm:1.1.1"
  checksum: 10/e1cf46bf84886c79055fdfa9dcb3e4711ad259949e3565154b004b260cd356c5d54b31a1437ce9782624bf766272fe6b0154f5f0c744fb7af5d454d2b60db045
  languageName: node
  linkType: hard

"randombytes@npm:^2.1.0":
  version: 2.1.0
  resolution: "randombytes@npm:2.1.0"
  dependencies:
    safe-buffer: "npm:^5.1.0"
  checksum: 10/4efd1ad3d88db77c2d16588dc54c2b52fd2461e70fe5724611f38d283857094fe09040fa2c9776366803c3152cf133171b452ef717592b65631ce5dc3a2bdafc
  languageName: node
  linkType: hard

"require-from-string@npm:^2.0.2":
  version: 2.0.2
  resolution: "require-from-string@npm:2.0.2"
  checksum: 10/839a3a890102a658f4cb3e7b2aa13a1f80a3a976b512020c3d1efc418491c48a886b6e481ea56afc6c4cb5eef678f23b2a4e70575e7534eccadf5e30ed2e56eb
  languageName: node
  linkType: hard

"safe-buffer@npm:^5.1.0":
  version: 5.2.1
  resolution: "safe-buffer@npm:5.2.1"
  checksum: 10/32872cd0ff68a3ddade7a7617b8f4c2ae8764d8b7d884c651b74457967a9e0e886267d3ecc781220629c44a865167b61c375d2da6c720c840ecd73f45d5d9451
  languageName: node
  linkType: hard

"schema-utils@npm:^4.3.0":
  version: 4.3.0
  resolution: "schema-utils@npm:4.3.0"
  dependencies:
    "@types/json-schema": "npm:^7.0.9"
    ajv: "npm:^8.9.0"
    ajv-formats: "npm:^2.1.1"
    ajv-keywords: "npm:^5.1.0"
  checksum: 10/86c5a7c72a275c56f140bc3cdd832d56efb11428c88ad588127db12cb9b2c83ccaa9540e115d7baa9c6175b5e360094457e29c44e6fb76787c9498c2eb6df5d6
  languageName: node
  linkType: hard

"serialize-javascript@npm:^6.0.2":
  version: 6.0.2
  resolution: "serialize-javascript@npm:6.0.2"
  dependencies:
    randombytes: "npm:^2.1.0"
  checksum: 10/445a420a6fa2eaee4b70cbd884d538e259ab278200a2ededd73253ada17d5d48e91fb1f4cd224a236ab62ea7ba0a70c6af29fc93b4f3d3078bf7da1c031fde58
  languageName: node
  linkType: hard

"source-map-support@npm:~0.5.20":
  version: 0.5.21
  resolution: "source-map-support@npm:0.5.21"
  dependencies:
    buffer-from: "npm:^1.0.0"
    source-map: "npm:^0.6.0"
  checksum: 10/8317e12d84019b31e34b86d483dd41d6f832f389f7417faf8fc5c75a66a12d9686e47f589a0554a868b8482f037e23df9d040d29387eb16fa14cb85f091ba207
  languageName: node
  linkType: hard

"source-map@npm:^0.6.0":
  version: 0.6.1
  resolution: "source-map@npm:0.6.1"
  checksum: 10/59ef7462f1c29d502b3057e822cdbdae0b0e565302c4dd1a95e11e793d8d9d62006cdc10e0fd99163ca33ff2071360cf50ee13f90440806e7ed57d81cba2f7ff
  languageName: node
  linkType: hard

"supports-color@npm:^8.0.0":
  version: 8.1.1
  resolution: "supports-color@npm:8.1.1"
  dependencies:
    has-flag: "npm:^4.0.0"
  checksum: 10/157b534df88e39c5518c5e78c35580c1eca848d7dbaf31bbe06cdfc048e22c7ff1a9d046ae17b25691128f631a51d9ec373c1b740c12ae4f0de6e292037e4282
  languageName: node
  linkType: hard

"tapable@npm:^2.1.1, tapable@npm:^2.2.0":
  version: 2.2.1
  resolution: "tapable@npm:2.2.1"
  checksum: 10/1769336dd21481ae6347611ca5fca47add0962fd8e80466515032125eca0084a4f0ede11e65341b9c0018ef4e1cf1ad820adbb0fba7cc99865c6005734000b0a
  languageName: node
  linkType: hard

"terser-webpack-plugin@npm:^5.3.11":
  version: 5.3.11
  resolution: "terser-webpack-plugin@npm:5.3.11"
  dependencies:
    "@jridgewell/trace-mapping": "npm:^0.3.25"
    jest-worker: "npm:^27.4.5"
    schema-utils: "npm:^4.3.0"
    serialize-javascript: "npm:^6.0.2"
    terser: "npm:^5.31.1"
  peerDependencies:
    webpack: ^5.1.0
  peerDependenciesMeta:
    "@swc/core":
      optional: true
    esbuild:
      optional: true
    uglify-js:
      optional: true
  checksum: 10/a8f7c92c75aa42628adfa4d171d4695c366c1852ecb4a24e72dd6fec86e383e12ac24b627e798fedff4e213c21fe851cebc61be3ab5a2537e6e42bea46690aa3
  languageName: node
  linkType: hard

"terser@npm:^5.31.1":
  version: 5.39.0
  resolution: "terser@npm:5.39.0"
  dependencies:
    "@jridgewell/source-map": "npm:^0.3.3"
    acorn: "npm:^8.8.2"
    commander: "npm:^2.20.0"
    source-map-support: "npm:~0.5.20"
  bin:
    terser: bin/terser
  checksum: 10/d84aff642398329f7179bbeaca28cac76a86100e2372d98d39d9b86c48023b6b9f797d983d6e7c0610b3f957c53d01ada1befa25d625614cb2ccd20714f1e98b
  languageName: node
  linkType: hard

"undici-types@npm:~6.19.8":
  version: 6.19.8
  resolution: "undici-types@npm:6.19.8"
  checksum: 10/cf0b48ed4fc99baf56584afa91aaffa5010c268b8842f62e02f752df209e3dea138b372a60a963b3b2576ed932f32329ce7ddb9cb5f27a6c83040d8cd74b7a70
  languageName: node
  linkType: hard

"update-browserslist-db@npm:^1.1.1":
  version: 1.1.1
  resolution: "update-browserslist-db@npm:1.1.1"
  dependencies:
    escalade: "npm:^3.2.0"
    picocolors: "npm:^1.1.0"
  peerDependencies:
    browserslist: ">= 4.21.0"
  bin:
    update-browserslist-db: cli.js
  checksum: 10/7678dd8609750588d01aa7460e8eddf2ff9d16c2a52fb1811190e0d056390f1fdffd94db3cf8fb209cf634ab4fa9407886338711c71cc6ccade5eeb22b093734
  languageName: node
  linkType: hard

"watchpack@npm:^2.4.1":
  version: 2.4.2
  resolution: "watchpack@npm:2.4.2"
  dependencies:
    glob-to-regexp: "npm:^0.4.1"
    graceful-fs: "npm:^4.1.2"
  checksum: 10/6bd4c051d9af189a6c781c3158dcb3069f432a0c144159eeb0a44117412105c61b2b683a5c9eebc4324625e0e9b76536387d0ba354594fa6cbbdf1ef60bee4c3
  languageName: node
  linkType: hard

"webpack-sources@npm:^3.2.3":
  version: 3.2.3
  resolution: "webpack-sources@npm:3.2.3"
  checksum: 10/a661f41795d678b7526ae8a88cd1b3d8ce71a7d19b6503da8149b2e667fc7a12f9b899041c1665d39e38245ed3a59ab68de648ea31040c3829aa695a5a45211d
  languageName: node
  linkType: hard

"webpack@npm:5.98.0":
  version: 5.98.0
  resolution: "webpack@npm:5.98.0"
  dependencies:
    "@types/eslint-scope": "npm:^3.7.7"
    "@types/estree": "npm:^1.0.6"
    "@webassemblyjs/ast": "npm:^1.14.1"
    "@webassemblyjs/wasm-edit": "npm:^1.14.1"
    "@webassemblyjs/wasm-parser": "npm:^1.14.1"
    acorn: "npm:^8.14.0"
    browserslist: "npm:^4.24.0"
    chrome-trace-event: "npm:^1.0.2"
    enhanced-resolve: "npm:^5.17.1"
    es-module-lexer: "npm:^1.2.1"
    eslint-scope: "npm:5.1.1"
    events: "npm:^3.2.0"
    glob-to-regexp: "npm:^0.4.1"
    graceful-fs: "npm:^4.2.11"
    json-parse-even-better-errors: "npm:^2.3.1"
    loader-runner: "npm:^4.2.0"
    mime-types: "npm:^2.1.27"
    neo-async: "npm:^2.6.2"
    schema-utils: "npm:^4.3.0"
    tapable: "npm:^2.1.1"
    terser-webpack-plugin: "npm:^5.3.11"
    watchpack: "npm:^2.4.1"
    webpack-sources: "npm:^3.2.3"
  peerDependenciesMeta:
    webpack-cli:
      optional: true
  bin:
    webpack: bin/webpack.js
  checksum: 10/eb16a58b3eb02bfb538c7716e28d7f601a03922e975c74007b41ba5926071ae70302d9acae9800fbd7ddd0c66a675b1069fc6ebb88123b87895a52882e2dc06a
  languageName: node
  linkType: hard
