# This file is generated by running "yarn install" inside your project.
# Manual changes might be lost - proceed with caution!

__metadata:
  version: 8
  cacheKey: 10

"@jridgewell/gen-mapping@npm:^0.3.0":
  version: 0.3.3
  resolution: "@jridgewell/gen-mapping@npm:0.3.3"
  dependencies:
    "@jridgewell/set-array": "npm:^1.0.1"
    "@jridgewell/sourcemap-codec": "npm:^1.4.10"
    "@jridgewell/trace-mapping": "npm:^0.3.9"
  checksum: 10/072ace159c39ab85944bdabe017c3de15c5e046a4a4a772045b00ff05e2ebdcfa3840b88ae27e897d473eb4d4845b37be3c78e28910c779f5aeeeae2fb7f0cc2
  languageName: node
  linkType: hard

"@jridgewell/resolve-uri@npm:^3.1.0":
  version: 3.1.1
  resolution: "@jridgewell/resolve-uri@npm:3.1.1"
  checksum: 10/64d59df8ae1a4e74315eb1b61e012f1c7bc8aac47a3a1e683f6fe7008eab07bc512a742b7aa7c0405685d1421206de58c9c2e6adbfe23832f8bd69408ffc183e
  languageName: node
  linkType: hard

"@jridgewell/set-array@npm:^1.0.1":
  version: 1.1.2
  resolution: "@jridgewell/set-array@npm:1.1.2"
  checksum: 10/69a84d5980385f396ff60a175f7177af0b8da4ddb81824cb7016a9ef914eee9806c72b6b65942003c63f7983d4f39a5c6c27185bbca88eb4690b62075602e28e
  languageName: node
  linkType: hard

"@jridgewell/source-map@npm:^0.3.3":
  version: 0.3.5
  resolution: "@jridgewell/source-map@npm:0.3.5"
  dependencies:
    "@jridgewell/gen-mapping": "npm:^0.3.0"
    "@jridgewell/trace-mapping": "npm:^0.3.9"
  checksum: 10/73838ac43235edecff5efc850c0d759704008937a56b1711b28c261e270fe4bf2dc06d0b08663aeb1ab304f81f6de4f5fb844344403cf53ba7096967a9953cae
  languageName: node
  linkType: hard

"@jridgewell/sourcemap-codec@npm:^1.4.10, @jridgewell/sourcemap-codec@npm:^1.4.14":
  version: 1.4.15
  resolution: "@jridgewell/sourcemap-codec@npm:1.4.15"
  checksum: 10/89960ac087781b961ad918978975bcdf2051cd1741880469783c42de64239703eab9db5230d776d8e6a09d73bb5e4cb964e07d93ee6e2e7aea5a7d726e865c09
  languageName: node
  linkType: hard

"@jridgewell/trace-mapping@npm:^0.3.20, @jridgewell/trace-mapping@npm:^0.3.9":
  version: 0.3.22
  resolution: "@jridgewell/trace-mapping@npm:0.3.22"
  dependencies:
    "@jridgewell/resolve-uri": "npm:^3.1.0"
    "@jridgewell/sourcemap-codec": "npm:^1.4.14"
  checksum: 10/48d3e3db00dbecb211613649a1849876ba5544a3f41cf5e6b99ea1130272d6cf18591b5b67389bce20f1c871b4ede5900c3b6446a7aab6d0a3b2fe806a834db7
  languageName: node
  linkType: hard

"@prettier/bundle-test@workspace:.":
  version: 0.0.0-use.local
  resolution: "@prettier/bundle-test@workspace:."
  dependencies:
    webpack: "npm:5.91.0"
  languageName: unknown
  linkType: soft

"@types/eslint-scope@npm:^3.7.3":
  version: 3.7.7
  resolution: "@types/eslint-scope@npm:3.7.7"
  dependencies:
    "@types/eslint": "npm:*"
    "@types/estree": "npm:*"
  checksum: 10/e2889a124aaab0b89af1bab5959847c5bec09809209255de0e63b9f54c629a94781daa04adb66bffcdd742f5e25a17614fb933965093c0eea64aacda4309380e
  languageName: node
  linkType: hard

"@types/eslint@npm:*":
  version: 8.44.7
  resolution: "@types/eslint@npm:8.44.7"
  dependencies:
    "@types/estree": "npm:*"
    "@types/json-schema": "npm:*"
  checksum: 10/3bb9415f5db98bc33f033e2d07503096ffd26046f95e6a4cf4d4a537c8b16398452f3059793e03b0fedbb0e35f0da68a4c68e6ac50d8fef9d555bdd074afb9fb
  languageName: node
  linkType: hard

"@types/estree@npm:*, @types/estree@npm:^1.0.5":
  version: 1.0.5
  resolution: "@types/estree@npm:1.0.5"
  checksum: 10/7de6d928dd4010b0e20c6919e1a6c27b61f8d4567befa89252055fad503d587ecb9a1e3eab1b1901f923964d7019796db810b7fd6430acb26c32866d126fd408
  languageName: node
  linkType: hard

"@types/json-schema@npm:*, @types/json-schema@npm:^7.0.8":
  version: 7.0.15
  resolution: "@types/json-schema@npm:7.0.15"
  checksum: 10/1a3c3e06236e4c4aab89499c428d585527ce50c24fe8259e8b3926d3df4cfbbbcf306cfc73ddfb66cbafc973116efd15967020b0f738f63e09e64c7d260519e7
  languageName: node
  linkType: hard

"@types/node@npm:*":
  version: 20.9.2
  resolution: "@types/node@npm:20.9.2"
  dependencies:
    undici-types: "npm:~5.26.4"
  checksum: 10/8bab2870bfc02efc988c53dfb0149634f8feb824132cc7f20b36f3d55d89ef893e3a43d545524a5cb3a284f4ce68ae4181d75a4a39cee6b79c586d719e6b7461
  languageName: node
  linkType: hard

"@webassemblyjs/ast@npm:1.12.1, @webassemblyjs/ast@npm:^1.12.1":
  version: 1.12.1
  resolution: "@webassemblyjs/ast@npm:1.12.1"
  dependencies:
    "@webassemblyjs/helper-numbers": "npm:1.11.6"
    "@webassemblyjs/helper-wasm-bytecode": "npm:1.11.6"
  checksum: 10/a775b0559437ae122d14fec0cfe59fdcaf5ca2d8ff48254014fd05d6797e20401e0f1518e628f9b06819aa085834a2534234977f9608b3f2e51f94b6e8b0bc43
  languageName: node
  linkType: hard

"@webassemblyjs/floating-point-hex-parser@npm:1.11.6":
  version: 1.11.6
  resolution: "@webassemblyjs/floating-point-hex-parser@npm:1.11.6"
  checksum: 10/29b08758841fd8b299c7152eda36b9eb4921e9c584eb4594437b5cd90ed6b920523606eae7316175f89c20628da14326801090167cc7fbffc77af448ac84b7e2
  languageName: node
  linkType: hard

"@webassemblyjs/helper-api-error@npm:1.11.6":
  version: 1.11.6
  resolution: "@webassemblyjs/helper-api-error@npm:1.11.6"
  checksum: 10/e8563df85161096343008f9161adb138a6e8f3c2cc338d6a36011aa55eabb32f2fd138ffe63bc278d009ada001cc41d263dadd1c0be01be6c2ed99076103689f
  languageName: node
  linkType: hard

"@webassemblyjs/helper-buffer@npm:1.12.1":
  version: 1.12.1
  resolution: "@webassemblyjs/helper-buffer@npm:1.12.1"
  checksum: 10/1d8705daa41f4d22ef7c6d422af4c530b84d69d0c253c6db5adec44d511d7caa66837803db5b1addcea611a1498fd5a67d2cf318b057a916283ae41ffb85ba8a
  languageName: node
  linkType: hard

"@webassemblyjs/helper-numbers@npm:1.11.6":
  version: 1.11.6
  resolution: "@webassemblyjs/helper-numbers@npm:1.11.6"
  dependencies:
    "@webassemblyjs/floating-point-hex-parser": "npm:1.11.6"
    "@webassemblyjs/helper-api-error": "npm:1.11.6"
    "@xtuc/long": "npm:4.2.2"
  checksum: 10/9ffd258ad809402688a490fdef1fd02222f20cdfe191c895ac215a331343292164e5033dbc0347f0f76f2447865c0b5c2d2e3304ee948d44f7aa27857028fd08
  languageName: node
  linkType: hard

"@webassemblyjs/helper-wasm-bytecode@npm:1.11.6":
  version: 1.11.6
  resolution: "@webassemblyjs/helper-wasm-bytecode@npm:1.11.6"
  checksum: 10/4ebf03e9c1941288c10e94e0f813f413f972bfaa1f09be2cc2e5577f300430906b61aa24d52f5ef2f894e8e24e61c6f7c39871d7e3d98bc69460e1b8e00bb20b
  languageName: node
  linkType: hard

"@webassemblyjs/helper-wasm-section@npm:1.12.1":
  version: 1.12.1
  resolution: "@webassemblyjs/helper-wasm-section@npm:1.12.1"
  dependencies:
    "@webassemblyjs/ast": "npm:1.12.1"
    "@webassemblyjs/helper-buffer": "npm:1.12.1"
    "@webassemblyjs/helper-wasm-bytecode": "npm:1.11.6"
    "@webassemblyjs/wasm-gen": "npm:1.12.1"
  checksum: 10/e91e6b28114e35321934070a2db8973a08a5cd9c30500b817214c683bbf5269ed4324366dd93ad83bf2fba0d671ac8f39df1c142bf58f70c57a827eeba4a3d2f
  languageName: node
  linkType: hard

"@webassemblyjs/ieee754@npm:1.11.6":
  version: 1.11.6
  resolution: "@webassemblyjs/ieee754@npm:1.11.6"
  dependencies:
    "@xtuc/ieee754": "npm:^1.2.0"
  checksum: 10/13574b8e41f6ca39b700e292d7edf102577db5650fe8add7066a320aa4b7a7c09a5056feccac7a74eb68c10dea9546d4461412af351f13f6b24b5f32379b49de
  languageName: node
  linkType: hard

"@webassemblyjs/leb128@npm:1.11.6":
  version: 1.11.6
  resolution: "@webassemblyjs/leb128@npm:1.11.6"
  dependencies:
    "@xtuc/long": "npm:4.2.2"
  checksum: 10/ec3b72db0e7ce7908fe08ec24395bfc97db486063824c0edc580f0973a4cfbadf30529569d9c7db663a56513e45b94299cca03be9e1992ea3308bb0744164f3d
  languageName: node
  linkType: hard

"@webassemblyjs/utf8@npm:1.11.6":
  version: 1.11.6
  resolution: "@webassemblyjs/utf8@npm:1.11.6"
  checksum: 10/361a537bd604101b320a5604c3c96d1038d83166f1b9fb86cedadc7e81bae54c3785ae5d90bf5b1842f7da08194ccaf0f44a64fcca0cbbd6afe1a166196986d6
  languageName: node
  linkType: hard

"@webassemblyjs/wasm-edit@npm:^1.12.1":
  version: 1.12.1
  resolution: "@webassemblyjs/wasm-edit@npm:1.12.1"
  dependencies:
    "@webassemblyjs/ast": "npm:1.12.1"
    "@webassemblyjs/helper-buffer": "npm:1.12.1"
    "@webassemblyjs/helper-wasm-bytecode": "npm:1.11.6"
    "@webassemblyjs/helper-wasm-section": "npm:1.12.1"
    "@webassemblyjs/wasm-gen": "npm:1.12.1"
    "@webassemblyjs/wasm-opt": "npm:1.12.1"
    "@webassemblyjs/wasm-parser": "npm:1.12.1"
    "@webassemblyjs/wast-printer": "npm:1.12.1"
  checksum: 10/5678ae02dbebba2f3a344e25928ea5a26a0df777166c9be77a467bfde7aca7f4b57ef95587e4bd768a402cdf2fddc4c56f0a599d164cdd9fe313520e39e18137
  languageName: node
  linkType: hard

"@webassemblyjs/wasm-gen@npm:1.12.1":
  version: 1.12.1
  resolution: "@webassemblyjs/wasm-gen@npm:1.12.1"
  dependencies:
    "@webassemblyjs/ast": "npm:1.12.1"
    "@webassemblyjs/helper-wasm-bytecode": "npm:1.11.6"
    "@webassemblyjs/ieee754": "npm:1.11.6"
    "@webassemblyjs/leb128": "npm:1.11.6"
    "@webassemblyjs/utf8": "npm:1.11.6"
  checksum: 10/ec45bd50e86bc9856f80fe9af4bc1ae5c98fb85f57023d11dff2b670da240c47a7b1b9b6c89755890314212bd167cf3adae7f1157216ddffb739a4ce589fc338
  languageName: node
  linkType: hard

"@webassemblyjs/wasm-opt@npm:1.12.1":
  version: 1.12.1
  resolution: "@webassemblyjs/wasm-opt@npm:1.12.1"
  dependencies:
    "@webassemblyjs/ast": "npm:1.12.1"
    "@webassemblyjs/helper-buffer": "npm:1.12.1"
    "@webassemblyjs/wasm-gen": "npm:1.12.1"
    "@webassemblyjs/wasm-parser": "npm:1.12.1"
  checksum: 10/21f25ae109012c49bb084e09f3b67679510429adc3e2408ad3621b2b505379d9cce337799a7919ef44db64e0d136833216914aea16b0d4856f353b9778e0cdb7
  languageName: node
  linkType: hard

"@webassemblyjs/wasm-parser@npm:1.12.1, @webassemblyjs/wasm-parser@npm:^1.12.1":
  version: 1.12.1
  resolution: "@webassemblyjs/wasm-parser@npm:1.12.1"
  dependencies:
    "@webassemblyjs/ast": "npm:1.12.1"
    "@webassemblyjs/helper-api-error": "npm:1.11.6"
    "@webassemblyjs/helper-wasm-bytecode": "npm:1.11.6"
    "@webassemblyjs/ieee754": "npm:1.11.6"
    "@webassemblyjs/leb128": "npm:1.11.6"
    "@webassemblyjs/utf8": "npm:1.11.6"
  checksum: 10/f7311685b76c3e1def2abea3488be1e77f06ecd8633143a6c5c943ca289660952b73785231bb76a010055ca64645227a4bc79705c26ab7536216891b6bb36320
  languageName: node
  linkType: hard

"@webassemblyjs/wast-printer@npm:1.12.1":
  version: 1.12.1
  resolution: "@webassemblyjs/wast-printer@npm:1.12.1"
  dependencies:
    "@webassemblyjs/ast": "npm:1.12.1"
    "@xtuc/long": "npm:4.2.2"
  checksum: 10/1a6a4b6bc4234f2b5adbab0cb11a24911b03380eb1cab6fb27a2250174a279fdc6aa2f5a9cf62dd1f6d4eb39f778f488e8ff15b9deb0670dee5c5077d46cf572
  languageName: node
  linkType: hard

"@xtuc/ieee754@npm:^1.2.0":
  version: 1.2.0
  resolution: "@xtuc/ieee754@npm:1.2.0"
  checksum: 10/ab033b032927d77e2f9fa67accdf31b1ca7440974c21c9cfabc8349e10ca2817646171c4f23be98d0e31896d6c2c3462a074fe37752e523abc3e45c79254259c
  languageName: node
  linkType: hard

"@xtuc/long@npm:4.2.2":
  version: 4.2.2
  resolution: "@xtuc/long@npm:4.2.2"
  checksum: 10/7217bae9fe240e0d804969e7b2af11cb04ec608837c78b56ca88831991b287e232a0b7fce8d548beaff42aaf0197ffa471d81be6ac4c4e53b0148025a2c076ec
  languageName: node
  linkType: hard

"acorn-import-assertions@npm:^1.9.0":
  version: 1.9.0
  resolution: "acorn-import-assertions@npm:1.9.0"
  peerDependencies:
    acorn: ^8
  checksum: 10/af8dd58f6b0c6a43e85849744534b99f2133835c6fcdabda9eea27d0a0da625a0d323c4793ba7cb25cf4507609d0f747c210ccc2fc9b5866de04b0e59c9c5617
  languageName: node
  linkType: hard

"acorn@npm:^8.7.1, acorn@npm:^8.8.2":
  version: 8.11.2
  resolution: "acorn@npm:8.11.2"
  bin:
    acorn: bin/acorn
  checksum: 10/ff559b891382ad4cd34cc3c493511d0a7075a51f5f9f02a03440e92be3705679367238338566c5fbd3521ecadd565d29301bc8e16cb48379206bffbff3d72500
  languageName: node
  linkType: hard

"ajv-keywords@npm:^3.5.2":
  version: 3.5.2
  resolution: "ajv-keywords@npm:3.5.2"
  peerDependencies:
    ajv: ^6.9.1
  checksum: 10/d57c9d5bf8849bddcbd801b79bc3d2ddc736c2adb6b93a6a365429589dd7993ddbd5d37c6025ed6a7f89c27506b80131d5345c5b1fa6a97e40cd10a96bcd228c
  languageName: node
  linkType: hard

"ajv@npm:^6.12.5":
  version: 6.12.6
  resolution: "ajv@npm:6.12.6"
  dependencies:
    fast-deep-equal: "npm:^3.1.1"
    fast-json-stable-stringify: "npm:^2.0.0"
    json-schema-traverse: "npm:^0.4.1"
    uri-js: "npm:^4.2.2"
  checksum: 10/48d6ad21138d12eb4d16d878d630079a2bda25a04e745c07846a4ad768319533031e28872a9b3c5790fa1ec41aabdf2abed30a56e5a03ebc2cf92184b8ee306c
  languageName: node
  linkType: hard

"browserslist@npm:^4.21.10":
  version: 4.22.3
  resolution: "browserslist@npm:4.22.3"
  dependencies:
    caniuse-lite: "npm:^1.0.30001580"
    electron-to-chromium: "npm:^1.4.648"
    node-releases: "npm:^2.0.14"
    update-browserslist-db: "npm:^1.0.13"
  bin:
    browserslist: cli.js
  checksum: 10/d46a906c79dfe95d9702c020afbe5b7b4dbe2019b85432e7a020326adff27e63e3c0a52dc8d4e73247060bbe2c13f000714741903cf96a16baae9c216dc74c75
  languageName: node
  linkType: hard

"buffer-from@npm:^1.0.0":
  version: 1.1.2
  resolution: "buffer-from@npm:1.1.2"
  checksum: 10/0448524a562b37d4d7ed9efd91685a5b77a50672c556ea254ac9a6d30e3403a517d8981f10e565db24e8339413b43c97ca2951f10e399c6125a0d8911f5679bb
  languageName: node
  linkType: hard

"caniuse-lite@npm:^1.0.30001580":
  version: 1.0.30001584
  resolution: "caniuse-lite@npm:1.0.30001584"
  checksum: 10/908e4fcafa1e8d52d6c5d79e8c614c4d0cf62af544935f7a78fb5a434157505571ce4c2eacfb549e5d4a6e6e38525350c7a9bf696068ad86eb74e890df1d688f
  languageName: node
  linkType: hard

"chrome-trace-event@npm:^1.0.2":
  version: 1.0.3
  resolution: "chrome-trace-event@npm:1.0.3"
  checksum: 10/b5fbdae5bf00c96fa3213de919f2b2617a942bfcb891cdf735fbad2a6f4f3c25d42e3f2b1703328619d352c718b46b9e18999fd3af7ef86c26c91db6fae1f0da
  languageName: node
  linkType: hard

"commander@npm:^2.20.0":
  version: 2.20.3
  resolution: "commander@npm:2.20.3"
  checksum: 10/90c5b6898610cd075984c58c4f88418a4fb44af08c1b1415e9854c03171bec31b336b7f3e4cefe33de994b3f12b03c5e2d638da4316df83593b9e82554e7e95b
  languageName: node
  linkType: hard

"electron-to-chromium@npm:^1.4.648":
  version: 1.4.657
  resolution: "electron-to-chromium@npm:1.4.657"
  checksum: 10/76c558066927abc219a38a9f7e2475a8d9d3e996b68876756c59e1308edd7facd9be12a32eb9e4750fa3461a7e529fc412c096cdc96d299865cf7c496ab96181
  languageName: node
  linkType: hard

"enhanced-resolve@npm:^5.16.0":
  version: 5.16.1
  resolution: "enhanced-resolve@npm:5.16.1"
  dependencies:
    graceful-fs: "npm:^4.2.4"
    tapable: "npm:^2.2.0"
  checksum: 10/1c44474437ec52d938ee0776d5883d5fec8fc645bccbebf6eb58229f3223c111bc1f5cb94222949a5a4565e7a2d7c34f03a0f7e97c10d6cd800e7a46c95e3aec
  languageName: node
  linkType: hard

"es-module-lexer@npm:^1.2.1":
  version: 1.4.1
  resolution: "es-module-lexer@npm:1.4.1"
  checksum: 10/cf453613468c417af6e189b03d9521804033fdd5a229a36fedec28d37ea929fccf6822d42abff1126eb01ba1d2aa2845a48d5d1772c0724f8204464d9d3855f6
  languageName: node
  linkType: hard

"escalade@npm:^3.1.1":
  version: 3.1.1
  resolution: "escalade@npm:3.1.1"
  checksum: 10/afa618e73362576b63f6ca83c975456621095a1ed42ff068174e3f5cea48afc422814dda548c96e6ebb5333e7265140c7292abcc81bbd6ccb1757d50d3a4e182
  languageName: node
  linkType: hard

"eslint-scope@npm:5.1.1":
  version: 5.1.1
  resolution: "eslint-scope@npm:5.1.1"
  dependencies:
    esrecurse: "npm:^4.3.0"
    estraverse: "npm:^4.1.1"
  checksum: 10/c541ef384c92eb5c999b7d3443d80195fcafb3da335500946f6db76539b87d5826c8f2e1d23bf6afc3154ba8cd7c8e566f8dc00f1eea25fdf3afc8fb9c87b238
  languageName: node
  linkType: hard

"esrecurse@npm:^4.3.0":
  version: 4.3.0
  resolution: "esrecurse@npm:4.3.0"
  dependencies:
    estraverse: "npm:^5.2.0"
  checksum: 10/44ffcd89e714ea6b30143e7f119b104fc4d75e77ee913f34d59076b40ef2d21967f84e019f84e1fd0465b42cdbf725db449f232b5e47f29df29ed76194db8e16
  languageName: node
  linkType: hard

"estraverse@npm:^4.1.1":
  version: 4.3.0
  resolution: "estraverse@npm:4.3.0"
  checksum: 10/3f67ad02b6dbfaddd9ea459cf2b6ef4ecff9a6082a7af9d22e445b9abc082ad9ca47e1825557b293fcdae477f4714e561123e30bb6a5b2f184fb2bad4a9497eb
  languageName: node
  linkType: hard

"estraverse@npm:^5.2.0":
  version: 5.3.0
  resolution: "estraverse@npm:5.3.0"
  checksum: 10/37cbe6e9a68014d34dbdc039f90d0baf72436809d02edffcc06ba3c2a12eb298048f877511353b130153e532aac8d68ba78430c0dd2f44806ebc7c014b01585e
  languageName: node
  linkType: hard

"events@npm:^3.2.0":
  version: 3.3.0
  resolution: "events@npm:3.3.0"
  checksum: 10/a3d47e285e28d324d7180f1e493961a2bbb4cad6412090e4dec114f4db1f5b560c7696ee8e758f55e23913ede856e3689cd3aa9ae13c56b5d8314cd3b3ddd1be
  languageName: node
  linkType: hard

"fast-deep-equal@npm:^3.1.1":
  version: 3.1.3
  resolution: "fast-deep-equal@npm:3.1.3"
  checksum: 10/e21a9d8d84f53493b6aa15efc9cfd53dd5b714a1f23f67fb5dc8f574af80df889b3bce25dc081887c6d25457cce704e636395333abad896ccdec03abaf1f3f9d
  languageName: node
  linkType: hard

"fast-json-stable-stringify@npm:^2.0.0":
  version: 2.1.0
  resolution: "fast-json-stable-stringify@npm:2.1.0"
  checksum: 10/2c20055c1fa43c922428f16ca8bb29f2807de63e5c851f665f7ac9790176c01c3b40335257736b299764a8d383388dabc73c8083b8e1bc3d99f0a941444ec60e
  languageName: node
  linkType: hard

"glob-to-regexp@npm:^0.4.1":
  version: 0.4.1
  resolution: "glob-to-regexp@npm:0.4.1"
  checksum: 10/9009529195a955c40d7b9690794aeff5ba665cc38f1519e111c58bb54366fd0c106bde80acf97ba4e533208eb53422c83b136611a54c5fefb1edd8dc267cb62e
  languageName: node
  linkType: hard

"graceful-fs@npm:^4.1.2, graceful-fs@npm:^4.2.11, graceful-fs@npm:^4.2.4":
  version: 4.2.11
  resolution: "graceful-fs@npm:4.2.11"
  checksum: 10/bf152d0ed1dc159239db1ba1f74fdbc40cb02f626770dcd5815c427ce0688c2635a06ed69af364396da4636d0408fcf7d4afdf7881724c3307e46aff30ca49e2
  languageName: node
  linkType: hard

"has-flag@npm:^4.0.0":
  version: 4.0.0
  resolution: "has-flag@npm:4.0.0"
  checksum: 10/261a1357037ead75e338156b1f9452c016a37dcd3283a972a30d9e4a87441ba372c8b81f818cd0fbcd9c0354b4ae7e18b9e1afa1971164aef6d18c2b6095a8ad
  languageName: node
  linkType: hard

"jest-worker@npm:^27.4.5":
  version: 27.5.1
  resolution: "jest-worker@npm:27.5.1"
  dependencies:
    "@types/node": "npm:*"
    merge-stream: "npm:^2.0.0"
    supports-color: "npm:^8.0.0"
  checksum: 10/06c6e2a84591d9ede704d5022fc13791e8876e83397c89d481b0063332abbb64c0f01ef4ca7de520b35c7a1058556078d6bdc3631376f4e9ffb42316c1a8488e
  languageName: node
  linkType: hard

"json-parse-even-better-errors@npm:^2.3.1":
  version: 2.3.1
  resolution: "json-parse-even-better-errors@npm:2.3.1"
  checksum: 10/5f3a99009ed5f2a5a67d06e2f298cc97bc86d462034173308156f15b43a6e850be8511dc204b9b94566305da2947f7d90289657237d210351a39059ff9d666cf
  languageName: node
  linkType: hard

"json-schema-traverse@npm:^0.4.1":
  version: 0.4.1
  resolution: "json-schema-traverse@npm:0.4.1"
  checksum: 10/7486074d3ba247769fda17d5181b345c9fb7d12e0da98b22d1d71a5db9698d8b4bd900a3ec1a4ffdd60846fc2556274a5c894d0c48795f14cb03aeae7b55260b
  languageName: node
  linkType: hard

"loader-runner@npm:^4.2.0":
  version: 4.3.0
  resolution: "loader-runner@npm:4.3.0"
  checksum: 10/555ae002869c1e8942a0efd29a99b50a0ce6c3296efea95caf48f00d7f6f7f659203ed6613688b6181aa81dc76de3e65ece43094c6dffef3127fe1a84d973cd3
  languageName: node
  linkType: hard

"merge-stream@npm:^2.0.0":
  version: 2.0.0
  resolution: "merge-stream@npm:2.0.0"
  checksum: 10/6fa4dcc8d86629705cea944a4b88ef4cb0e07656ebf223fa287443256414283dd25d91c1cd84c77987f2aec5927af1a9db6085757cb43d90eb170ebf4b47f4f4
  languageName: node
  linkType: hard

"mime-db@npm:1.52.0":
  version: 1.52.0
  resolution: "mime-db@npm:1.52.0"
  checksum: 10/54bb60bf39e6f8689f6622784e668a3d7f8bed6b0d886f5c3c446cb3284be28b30bf707ed05d0fe44a036f8469976b2629bbea182684977b084de9da274694d7
  languageName: node
  linkType: hard

"mime-types@npm:^2.1.27":
  version: 2.1.35
  resolution: "mime-types@npm:2.1.35"
  dependencies:
    mime-db: "npm:1.52.0"
  checksum: 10/89aa9651b67644035de2784a6e665fc685d79aba61857e02b9c8758da874a754aed4a9aced9265f5ed1171fd934331e5516b84a7f0218031b6fa0270eca1e51a
  languageName: node
  linkType: hard

"neo-async@npm:^2.6.2":
  version: 2.6.2
  resolution: "neo-async@npm:2.6.2"
  checksum: 10/1a7948fea86f2b33ec766bc899c88796a51ba76a4afc9026764aedc6e7cde692a09067031e4a1bf6db4f978ccd99e7f5b6c03fe47ad9865c3d4f99050d67e002
  languageName: node
  linkType: hard

"node-releases@npm:^2.0.14":
  version: 2.0.14
  resolution: "node-releases@npm:2.0.14"
  checksum: 10/0f7607ec7db5ef1dc616899a5f24ae90c869b6a54c2d4f36ff6d84a282ab9343c7ff3ca3670fe4669171bb1e8a9b3e286e1ef1c131f09a83d70554f855d54f24
  languageName: node
  linkType: hard

"picocolors@npm:^1.0.0":
  version: 1.0.0
  resolution: "picocolors@npm:1.0.0"
  checksum: 10/a2e8092dd86c8396bdba9f2b5481032848525b3dc295ce9b57896f931e63fc16f79805144321f72976383fc249584672a75cc18d6777c6b757603f372f745981
  languageName: node
  linkType: hard

"punycode@npm:^2.1.0":
  version: 2.3.1
  resolution: "punycode@npm:2.3.1"
  checksum: 10/febdc4362bead22f9e2608ff0171713230b57aff9dddc1c273aa2a651fbd366f94b7d6a71d78342a7c0819906750351ca7f2edd26ea41b626d87d6a13d1bd059
  languageName: node
  linkType: hard

"randombytes@npm:^2.1.0":
  version: 2.1.0
  resolution: "randombytes@npm:2.1.0"
  dependencies:
    safe-buffer: "npm:^5.1.0"
  checksum: 10/4efd1ad3d88db77c2d16588dc54c2b52fd2461e70fe5724611f38d283857094fe09040fa2c9776366803c3152cf133171b452ef717592b65631ce5dc3a2bdafc
  languageName: node
  linkType: hard

"safe-buffer@npm:^5.1.0":
  version: 5.2.1
  resolution: "safe-buffer@npm:5.2.1"
  checksum: 10/32872cd0ff68a3ddade7a7617b8f4c2ae8764d8b7d884c651b74457967a9e0e886267d3ecc781220629c44a865167b61c375d2da6c720c840ecd73f45d5d9451
  languageName: node
  linkType: hard

"schema-utils@npm:^3.1.1, schema-utils@npm:^3.2.0":
  version: 3.3.0
  resolution: "schema-utils@npm:3.3.0"
  dependencies:
    "@types/json-schema": "npm:^7.0.8"
    ajv: "npm:^6.12.5"
    ajv-keywords: "npm:^3.5.2"
  checksum: 10/2c7bbb1da967fdfd320e6cea538949006ec6e8c13ea560a4f94ff2c56809a8486fa5ec419e023452501a6befe1ca381e409c2798c24f4993c7c4094d97fdb258
  languageName: node
  linkType: hard

"serialize-javascript@npm:^6.0.1":
  version: 6.0.1
  resolution: "serialize-javascript@npm:6.0.1"
  dependencies:
    randombytes: "npm:^2.1.0"
  checksum: 10/f756b1ff34b655b2183c64dd6683d28d4d9b9a80284b264cac9fd421c73890491eafd6c5c2bbe93f1f21bf78b572037c5a18d24b044c317ee1c9dc44d22db94c
  languageName: node
  linkType: hard

"source-map-support@npm:~0.5.20":
  version: 0.5.21
  resolution: "source-map-support@npm:0.5.21"
  dependencies:
    buffer-from: "npm:^1.0.0"
    source-map: "npm:^0.6.0"
  checksum: 10/8317e12d84019b31e34b86d483dd41d6f832f389f7417faf8fc5c75a66a12d9686e47f589a0554a868b8482f037e23df9d040d29387eb16fa14cb85f091ba207
  languageName: node
  linkType: hard

"source-map@npm:^0.6.0":
  version: 0.6.1
  resolution: "source-map@npm:0.6.1"
  checksum: 10/59ef7462f1c29d502b3057e822cdbdae0b0e565302c4dd1a95e11e793d8d9d62006cdc10e0fd99163ca33ff2071360cf50ee13f90440806e7ed57d81cba2f7ff
  languageName: node
  linkType: hard

"supports-color@npm:^8.0.0":
  version: 8.1.1
  resolution: "supports-color@npm:8.1.1"
  dependencies:
    has-flag: "npm:^4.0.0"
  checksum: 10/157b534df88e39c5518c5e78c35580c1eca848d7dbaf31bbe06cdfc048e22c7ff1a9d046ae17b25691128f631a51d9ec373c1b740c12ae4f0de6e292037e4282
  languageName: node
  linkType: hard

"tapable@npm:^2.1.1, tapable@npm:^2.2.0":
  version: 2.2.1
  resolution: "tapable@npm:2.2.1"
  checksum: 10/1769336dd21481ae6347611ca5fca47add0962fd8e80466515032125eca0084a4f0ede11e65341b9c0018ef4e1cf1ad820adbb0fba7cc99865c6005734000b0a
  languageName: node
  linkType: hard

"terser-webpack-plugin@npm:^5.3.10":
  version: 5.3.10
  resolution: "terser-webpack-plugin@npm:5.3.10"
  dependencies:
    "@jridgewell/trace-mapping": "npm:^0.3.20"
    jest-worker: "npm:^27.4.5"
    schema-utils: "npm:^3.1.1"
    serialize-javascript: "npm:^6.0.1"
    terser: "npm:^5.26.0"
  peerDependencies:
    webpack: ^5.1.0
  peerDependenciesMeta:
    "@swc/core":
      optional: true
    esbuild:
      optional: true
    uglify-js:
      optional: true
  checksum: 10/fb1c2436ae1b4e983be043fa0a3d355c047b16b68f102437d08c736d7960c001e7420e2f722b9d99ce0dc70ca26a68cc63c0b82bc45f5b48671142b352a9d938
  languageName: node
  linkType: hard

"terser@npm:^5.26.0":
  version: 5.27.0
  resolution: "terser@npm:5.27.0"
  dependencies:
    "@jridgewell/source-map": "npm:^0.3.3"
    acorn: "npm:^8.8.2"
    commander: "npm:^2.20.0"
    source-map-support: "npm:~0.5.20"
  bin:
    terser: bin/terser
  checksum: 10/9b2c5cb00747dea5994034ca064fb3cc7efc1be6b79a35247662d51ab43bdbe9cbf002bbf29170b5f3bd068c811d0212e22d94acd2cf0d8562687b96f1bffc9f
  languageName: node
  linkType: hard

"undici-types@npm:~5.26.4":
  version: 5.26.5
  resolution: "undici-types@npm:5.26.5"
  checksum: 10/0097779d94bc0fd26f0418b3a05472410408877279141ded2bd449167be1aed7ea5b76f756562cb3586a07f251b90799bab22d9019ceba49c037c76445f7cddd
  languageName: node
  linkType: hard

"update-browserslist-db@npm:^1.0.13":
  version: 1.0.13
  resolution: "update-browserslist-db@npm:1.0.13"
  dependencies:
    escalade: "npm:^3.1.1"
    picocolors: "npm:^1.0.0"
  peerDependencies:
    browserslist: ">= 4.21.0"
  bin:
    update-browserslist-db: cli.js
  checksum: 10/9074b4ef34d2ed931f27d390aafdd391ee7c45ad83c508e8fed6aaae1eb68f81999a768ed8525c6f88d4001a4fbf1b8c0268f099d0e8e72088ec5945ac796acf
  languageName: node
  linkType: hard

"uri-js@npm:^4.2.2":
  version: 4.4.1
  resolution: "uri-js@npm:4.4.1"
  dependencies:
    punycode: "npm:^2.1.0"
  checksum: 10/b271ca7e3d46b7160222e3afa3e531505161c9a4e097febae9664e4b59912f4cbe94861361a4175edac3a03fee99d91e44b6a58c17a634bc5a664b19fc76fbcb
  languageName: node
  linkType: hard

"watchpack@npm:^2.4.1":
  version: 2.4.1
  resolution: "watchpack@npm:2.4.1"
  dependencies:
    glob-to-regexp: "npm:^0.4.1"
    graceful-fs: "npm:^4.1.2"
  checksum: 10/0736ebd20b75d3931f9b6175c819a66dee29297c1b389b2e178bc53396a6f867ecc2fd5d87a713ae92dcb73e487daec4905beee20ca00a9e27f1184a7c2bca5e
  languageName: node
  linkType: hard

"webpack-sources@npm:^3.2.3":
  version: 3.2.3
  resolution: "webpack-sources@npm:3.2.3"
  checksum: 10/a661f41795d678b7526ae8a88cd1b3d8ce71a7d19b6503da8149b2e667fc7a12f9b899041c1665d39e38245ed3a59ab68de648ea31040c3829aa695a5a45211d
  languageName: node
  linkType: hard

"webpack@npm:5.91.0":
  version: 5.91.0
  resolution: "webpack@npm:5.91.0"
  dependencies:
    "@types/eslint-scope": "npm:^3.7.3"
    "@types/estree": "npm:^1.0.5"
    "@webassemblyjs/ast": "npm:^1.12.1"
    "@webassemblyjs/wasm-edit": "npm:^1.12.1"
    "@webassemblyjs/wasm-parser": "npm:^1.12.1"
    acorn: "npm:^8.7.1"
    acorn-import-assertions: "npm:^1.9.0"
    browserslist: "npm:^4.21.10"
    chrome-trace-event: "npm:^1.0.2"
    enhanced-resolve: "npm:^5.16.0"
    es-module-lexer: "npm:^1.2.1"
    eslint-scope: "npm:5.1.1"
    events: "npm:^3.2.0"
    glob-to-regexp: "npm:^0.4.1"
    graceful-fs: "npm:^4.2.11"
    json-parse-even-better-errors: "npm:^2.3.1"
    loader-runner: "npm:^4.2.0"
    mime-types: "npm:^2.1.27"
    neo-async: "npm:^2.6.2"
    schema-utils: "npm:^3.2.0"
    tapable: "npm:^2.1.1"
    terser-webpack-plugin: "npm:^5.3.10"
    watchpack: "npm:^2.4.1"
    webpack-sources: "npm:^3.2.3"
  peerDependenciesMeta:
    webpack-cli:
      optional: true
  bin:
    webpack: bin/webpack.js
  checksum: 10/647ca53c15fe0fa1af4396a7257d7a93cbea648d2685e565a11cc822a9e3ea9316345250987d75f02c0b45dae118814f094ec81908d1032e77a33cd6470b289e
  languageName: node
  linkType: hard
