# This file is generated by running "yarn install" inside your project.
# Manual changes might be lost - proceed with caution!

__metadata:
  version: 10
  cacheKey: 10

"@jridgewell/gen-mapping@npm:^0.3.5":
  version: 0.3.13
  resolution: "@jridgewell/gen-mapping@npm:0.3.13"
  dependencies:
    "@jridgewell/sourcemap-codec": "npm:^1.5.0"
    "@jridgewell/trace-mapping": "npm:^0.3.24"
  checksum: 10/902f8261dcf450b4af7b93f9656918e02eec80a2169e155000cb2059f90113dd98f3ccf6efc6072cee1dd84cac48cade51da236972d942babc40e4c23da4d62a
  languageName: node
  linkType: hard

"@jridgewell/resolve-uri@npm:^3.1.0":
  version: 3.1.2
  resolution: "@jridgewell/resolve-uri@npm:3.1.2"
  checksum: 10/97106439d750a409c22c8bff822d648f6a71f3aa9bc8e5129efdc36343cd3096ddc4eeb1c62d2fe48e9bdd4db37b05d4646a17114ecebd3bbcacfa2de51c3c1d
  languageName: node
  linkType: hard

"@jridgewell/source-map@npm:^0.3.3":
  version: 0.3.11
  resolution: "@jridgewell/source-map@npm:0.3.11"
  dependencies:
    "@jridgewell/gen-mapping": "npm:^0.3.5"
    "@jridgewell/trace-mapping": "npm:^0.3.25"
  checksum: 10/847f1177d3d133a0966ef61ca29abea0d79788a0652f90ee1893b3da968c190b7e31c3534cc53701179dd6b14601eef3d78644e727e05b1a08c68d281aedc4ba
  languageName: node
  linkType: hard

"@jridgewell/sourcemap-codec@npm:^1.4.14, @jridgewell/sourcemap-codec@npm:^1.5.0":
  version: 1.5.5
  resolution: "@jridgewell/sourcemap-codec@npm:1.5.5"
  checksum: 10/5d9d207b462c11e322d71911e55e21a4e2772f71ffe8d6f1221b8eb5ae6774458c1d242f897fb0814e8714ca9a6b498abfa74dfe4f434493342902b1a48b33a5
  languageName: node
  linkType: hard

"@jridgewell/trace-mapping@npm:^0.3.24, @jridgewell/trace-mapping@npm:^0.3.25":
  version: 0.3.31
  resolution: "@jridgewell/trace-mapping@npm:0.3.31"
  dependencies:
    "@jridgewell/resolve-uri": "npm:^3.1.0"
    "@jridgewell/sourcemap-codec": "npm:^1.4.14"
  checksum: 10/da0283270e691bdb5543806077548532791608e52386cfbbf3b9e8fb00457859d1bd01d512851161c886eb3a2f3ce6fd9bcf25db8edf3bddedd275bd4a88d606
  languageName: node
  linkType: hard

"@prettier/bundle-test@workspace:.":
  version: 0.0.0-use.local
  resolution: "@prettier/bundle-test@workspace:."
  dependencies:
    webpack: "npm:5.108.4"
  languageName: unknown
  linkType: soft

"@types/estree@npm:^1.0.8":
  version: 1.0.9
  resolution: "@types/estree@npm:1.0.9"
  checksum: 10/16aabfa703b5bdac83f719b07ce92a11b2d3c9b8628eacc92889d8af46cab2d78fc45c7b5378de383d0500585cea5c2f79125eeddfe5fbc6bd6a27eb0c8ccee5
  languageName: node
  linkType: hard

"@types/json-schema@npm:^7.0.15, @types/json-schema@npm:^7.0.9":
  version: 7.0.15
  resolution: "@types/json-schema@npm:7.0.15"
  checksum: 10/1a3c3e06236e4c4aab89499c428d585527ce50c24fe8259e8b3926d3df4cfbbbcf306cfc73ddfb66cbafc973116efd15967020b0f738f63e09e64c7d260519e7
  languageName: node
  linkType: hard

"@types/node@npm:*":
  version: 26.0.1
  resolution: "@types/node@npm:26.0.1"
  dependencies:
    undici-types: "npm:~8.3.0"
  checksum: 10/c312909c89c4f52291084d5b8b67c119f3c3adce9bdd5e57da74cb4d05059021b2b2b6b5eb52ccb086d66397b5793864e4d48b17d608ab42c27cfc193d337823
  languageName: node
  linkType: hard

"@webassemblyjs/ast@npm:1.14.1, @webassemblyjs/ast@npm:^1.14.1":
  version: 1.14.1
  resolution: "@webassemblyjs/ast@npm:1.14.1"
  dependencies:
    "@webassemblyjs/helper-numbers": "npm:1.13.2"
    "@webassemblyjs/helper-wasm-bytecode": "npm:1.13.2"
  checksum: 10/f83e6abe38057f5d87c1fb356513a371a8b43c9b87657f2790741a66b1ef8ecf958d1391bc42f27c5fb33f58ab8286a38ea849fdd21f433cd4df1307424bab45
  languageName: node
  linkType: hard

"@webassemblyjs/floating-point-hex-parser@npm:1.13.2":
  version: 1.13.2
  resolution: "@webassemblyjs/floating-point-hex-parser@npm:1.13.2"
  checksum: 10/e866ec8433f4a70baa511df5e8f2ebcd6c24f4e2cc6274c7c5aabe2bcce3459ea4680e0f35d450e1f3602acf3913b6b8e4f15069c8cfd34ae8609fb9a7d01795
  languageName: node
  linkType: hard

"@webassemblyjs/helper-api-error@npm:1.13.2":
  version: 1.13.2
  resolution: "@webassemblyjs/helper-api-error@npm:1.13.2"
  checksum: 10/48b5df7fd3095bb252f59a139fe2cbd999a62ac9b488123e9a0da3906ad8a2f2da7b2eb21d328c01a90da987380928706395c2897d1f3ed9e2125b6d75a920d0
  languageName: node
  linkType: hard

"@webassemblyjs/helper-buffer@npm:1.14.1":
  version: 1.14.1
  resolution: "@webassemblyjs/helper-buffer@npm:1.14.1"
  checksum: 10/9690afeafa5e765a34620aa6216e9d40f9126d4e37e9726a2594bf60cab6b211ef20ab6670fd3c4449dd4a3497e69e49b2b725c8da0fb213208c7f45f15f5d5b
  languageName: node
  linkType: hard

"@webassemblyjs/helper-numbers@npm:1.13.2":
  version: 1.13.2
  resolution: "@webassemblyjs/helper-numbers@npm:1.13.2"
  dependencies:
    "@webassemblyjs/floating-point-hex-parser": "npm:1.13.2"
    "@webassemblyjs/helper-api-error": "npm:1.13.2"
    "@xtuc/long": "npm:4.2.2"
  checksum: 10/e4c7d0b09811e1cda8eec644a022b560b28f4e974f50195375ccd007df5ee48a922a6dcff5ac40b6a8ec850d56d0ea6419318eee49fec7819ede14e90417a6a4
  languageName: node
  linkType: hard

"@webassemblyjs/helper-wasm-bytecode@npm:1.13.2":
  version: 1.13.2
  resolution: "@webassemblyjs/helper-wasm-bytecode@npm:1.13.2"
  checksum: 10/3edd191fff7296df1ef3b023bdbe6cb5ea668f6386fd197ccfce46015c6f2a8cc9763cfb86503a0b94973ad27996645afff2252ee39a236513833259a47af6ed
  languageName: node
  linkType: hard

"@webassemblyjs/helper-wasm-section@npm:1.14.1":
  version: 1.14.1
  resolution: "@webassemblyjs/helper-wasm-section@npm:1.14.1"
  dependencies:
    "@webassemblyjs/ast": "npm:1.14.1"
    "@webassemblyjs/helper-buffer": "npm:1.14.1"
    "@webassemblyjs/helper-wasm-bytecode": "npm:1.13.2"
    "@webassemblyjs/wasm-gen": "npm:1.14.1"
  checksum: 10/6b73874f906532512371181d7088460f767966f26309e836060c5a8e4e4bfe6d523fb5f4c034b34aa22ebb1192815f95f0e264298769485c1f0980fdd63ae0ce
  languageName: node
  linkType: hard

"@webassemblyjs/ieee754@npm:1.13.2":
  version: 1.13.2
  resolution: "@webassemblyjs/ieee754@npm:1.13.2"
  dependencies:
    "@xtuc/ieee754": "npm:^1.2.0"
  checksum: 10/d7e3520baa37a7309fa7db4d73d69fb869878853b1ebd4b168821bd03fcc4c0e1669c06231315b0039035d9a7a462e53de3ad982da4a426a4b0743b5888e8673
  languageName: node
  linkType: hard

"@webassemblyjs/leb128@npm:1.13.2":
  version: 1.13.2
  resolution: "@webassemblyjs/leb128@npm:1.13.2"
  dependencies:
    "@xtuc/long": "npm:4.2.2"
  checksum: 10/3a10542c86807061ec3230bac8ee732289c852b6bceb4b88ebd521a12fbcecec7c432848284b298154f28619e2746efbed19d6904aef06c49ef20a0b85f650cf
  languageName: node
  linkType: hard

"@webassemblyjs/utf8@npm:1.13.2":
  version: 1.13.2
  resolution: "@webassemblyjs/utf8@npm:1.13.2"
  checksum: 10/27885e5d19f339501feb210867d69613f281eda695ac508f04d69fa3398133d05b6870969c0242b054dc05420ed1cc49a64dea4fe0588c18d211cddb0117cc54
  languageName: node
  linkType: hard

"@webassemblyjs/wasm-edit@npm:^1.14.1":
  version: 1.14.1
  resolution: "@webassemblyjs/wasm-edit@npm:1.14.1"
  dependencies:
    "@webassemblyjs/ast": "npm:1.14.1"
    "@webassemblyjs/helper-buffer": "npm:1.14.1"
    "@webassemblyjs/helper-wasm-bytecode": "npm:1.13.2"
    "@webassemblyjs/helper-wasm-section": "npm:1.14.1"
    "@webassemblyjs/wasm-gen": "npm:1.14.1"
    "@webassemblyjs/wasm-opt": "npm:1.14.1"
    "@webassemblyjs/wasm-parser": "npm:1.14.1"
    "@webassemblyjs/wast-printer": "npm:1.14.1"
  checksum: 10/c62c50eadcf80876713f8c9f24106b18cf208160ab842fcb92060fd78c37bf37e7fcf0b7cbf1afc05d230277c2ce0f3f728432082c472dd1293e184a95f9dbdd
  languageName: node
  linkType: hard

"@webassemblyjs/wasm-gen@npm:1.14.1":
  version: 1.14.1
  resolution: "@webassemblyjs/wasm-gen@npm:1.14.1"
  dependencies:
    "@webassemblyjs/ast": "npm:1.14.1"
    "@webassemblyjs/helper-wasm-bytecode": "npm:1.13.2"
    "@webassemblyjs/ieee754": "npm:1.13.2"
    "@webassemblyjs/leb128": "npm:1.13.2"
    "@webassemblyjs/utf8": "npm:1.13.2"
  checksum: 10/6085166b0987d3031355fe17a4f9ef0f412e08098d95454059aced2bd72a4c3df2bc099fa4d32d640551fc3eca1ac1a997b44432e46dc9d84642688e42c17ed4
  languageName: node
  linkType: hard

"@webassemblyjs/wasm-opt@npm:1.14.1":
  version: 1.14.1
  resolution: "@webassemblyjs/wasm-opt@npm:1.14.1"
  dependencies:
    "@webassemblyjs/ast": "npm:1.14.1"
    "@webassemblyjs/helper-buffer": "npm:1.14.1"
    "@webassemblyjs/wasm-gen": "npm:1.14.1"
    "@webassemblyjs/wasm-parser": "npm:1.14.1"
  checksum: 10/fa5d1ef8d2156e7390927f938f513b7fb4440dd6804b3d6c8622b7b1cf25a3abf1a5809f615896d4918e04b27b52bc3cbcf18faf2d563cb563ae0a9204a492db
  languageName: node
  linkType: hard

"@webassemblyjs/wasm-parser@npm:1.14.1, @webassemblyjs/wasm-parser@npm:^1.14.1":
  version: 1.14.1
  resolution: "@webassemblyjs/wasm-parser@npm:1.14.1"
  dependencies:
    "@webassemblyjs/ast": "npm:1.14.1"
    "@webassemblyjs/helper-api-error": "npm:1.13.2"
    "@webassemblyjs/helper-wasm-bytecode": "npm:1.13.2"
    "@webassemblyjs/ieee754": "npm:1.13.2"
    "@webassemblyjs/leb128": "npm:1.13.2"
    "@webassemblyjs/utf8": "npm:1.13.2"
  checksum: 10/07d9805fda88a893c984ed93d5a772d20d671e9731358ab61c6c1af8e0e58d1c42fc230c18974dfddebc9d2dd7775d514ba4d445e70080b16478b4b16c39c7d9
  languageName: node
  linkType: hard

"@webassemblyjs/wast-printer@npm:1.14.1":
  version: 1.14.1
  resolution: "@webassemblyjs/wast-printer@npm:1.14.1"
  dependencies:
    "@webassemblyjs/ast": "npm:1.14.1"
    "@xtuc/long": "npm:4.2.2"
  checksum: 10/cef09aad2fcd291bfcf9efdae2ea1e961a1ba0f925d1d9dcdd8c746d32fbaf431b6d26a0241699c0e39f82139018aa720b4ceb84ac6f4c78f13072747480db69
  languageName: node
  linkType: hard

"@xtuc/ieee754@npm:^1.2.0":
  version: 1.2.0
  resolution: "@xtuc/ieee754@npm:1.2.0"
  checksum: 10/ab033b032927d77e2f9fa67accdf31b1ca7440974c21c9cfabc8349e10ca2817646171c4f23be98d0e31896d6c2c3462a074fe37752e523abc3e45c79254259c
  languageName: node
  linkType: hard

"@xtuc/long@npm:4.2.2":
  version: 4.2.2
  resolution: "@xtuc/long@npm:4.2.2"
  checksum: 10/7217bae9fe240e0d804969e7b2af11cb04ec608837c78b56ca88831991b287e232a0b7fce8d548beaff42aaf0197ffa471d81be6ac4c4e53b0148025a2c076ec
  languageName: node
  linkType: hard

"acorn-import-phases@npm:^1.0.3":
  version: 1.0.4
  resolution: "acorn-import-phases@npm:1.0.4"
  peerDependencies:
    acorn: ^8.14.0
  checksum: 10/471050ac7d9b61909c837b426de9eeef2958997f6277ad7dea88d5894fd9b3245d8ed4a225c2ca44f814dbb20688009db7a80e525e8196fc9e98c5285b66161d
  languageName: node
  linkType: hard

"acorn@npm:^8.15.0, acorn@npm:^8.16.0":
  version: 8.17.0
  resolution: "acorn@npm:8.17.0"
  bin:
    acorn: bin/acorn
  checksum: 10/2eea1588075124df569b15995423204055c5575ad992283025dddfcb557a0340de7d75cc1bc25dca8df148c60c4222e576e0e519965f0ec7f86f6085c8428824
  languageName: node
  linkType: hard

"ajv-formats@npm:^2.1.1":
  version: 2.1.1
  resolution: "ajv-formats@npm:2.1.1"
  dependencies:
    ajv: "npm:^8.0.0"
  peerDependencies:
    ajv: ^8.0.0
  peerDependenciesMeta:
    ajv:
      optional: true
  checksum: 10/70c263ded219bf277ffd9127f793b625f10a46113b2e901e150da41931fcfd7f5592da6d66862f4449bb157ffe65867c3294a7df1d661cc232c4163d5a1718ed
  languageName: node
  linkType: hard

"ajv-keywords@npm:^5.1.0":
  version: 5.1.0
  resolution: "ajv-keywords@npm:5.1.0"
  dependencies:
    fast-deep-equal: "npm:^3.1.3"
  peerDependencies:
    ajv: ^8.8.2
  checksum: 10/5021f96ab7ddd03a4005326bd06f45f448ebfbb0fe7018b1b70b6c28142fa68372bda2057359814b83fd0b2d4c8726c297f0a7557b15377be7b56ce5344533d8
  languageName: node
  linkType: hard

"ajv@npm:^8.0.0, ajv@npm:^8.9.0":
  version: 8.20.0
  resolution: "ajv@npm:8.20.0"
  dependencies:
    fast-deep-equal: "npm:^3.1.3"
    fast-uri: "npm:^3.0.1"
    json-schema-traverse: "npm:^1.0.0"
    require-from-string: "npm:^2.0.2"
  checksum: 10/5ce59c0537f4c2aca9a758b412659ec70acb4d5dde971c10ecf21d2e3d799f99acdb4a08e1f5fb2e067c8542930398aae793bb996bb07d3feb81dae22fe2ada9
  languageName: node
  linkType: hard

"baseline-browser-mapping@npm:^2.10.38":
  version: 2.10.38
  resolution: "baseline-browser-mapping@npm:2.10.38"
  bin:
    baseline-browser-mapping: dist/cli.cjs
  checksum: 10/cb6c9913df1e8f0f9040cdacd3af0371f2daf2b16563d86d3b208c14a392b4783a6be434b9e7cf5dc413d6e40548b7b719e1a12e59789fb4b3db37146fb9e6b2
  languageName: node
  linkType: hard

"browserslist@npm:^4.28.1":
  version: 4.28.4
  resolution: "browserslist@npm:4.28.4"
  dependencies:
    baseline-browser-mapping: "npm:^2.10.38"
    caniuse-lite: "npm:^1.0.30001799"
    electron-to-chromium: "npm:^1.5.376"
    node-releases: "npm:^2.0.48"
    update-browserslist-db: "npm:^1.2.3"
  bin:
    browserslist: cli.js
  checksum: 10/beb030f5b301b6af3fc7df3291d56f9edb34b7e4bd3cdc50d379c84c3410ad1ba013602952bcec1d98af940cf6596609fc81ef09d200f7f2e25e9f84d9d38201
  languageName: node
  linkType: hard

"buffer-from@npm:^1.0.0":
  version: 1.1.2
  resolution: "buffer-from@npm:1.1.2"
  checksum: 10/0448524a562b37d4d7ed9efd91685a5b77a50672c556ea254ac9a6d30e3403a517d8981f10e565db24e8339413b43c97ca2951f10e399c6125a0d8911f5679bb
  languageName: node
  linkType: hard

"caniuse-lite@npm:^1.0.30001799":
  version: 1.0.30001799
  resolution: "caniuse-lite@npm:1.0.30001799"
  checksum: 10/eb90443f1e4e4ac7cfe3686d43f0d132c0b552d0d896c0520e7306f2ddf743b4dd5380a7b8adc5ca8d250247966a6cf32cb042930dbc1df452e8623ad92c57e2
  languageName: node
  linkType: hard

"chrome-trace-event@npm:^1.0.2":
  version: 1.0.4
  resolution: "chrome-trace-event@npm:1.0.4"
  checksum: 10/1762bed739774903bf5915fe3045c3120fc3c7f7d929d88e566447ea38944937a6370ccb687278318c43c24f837ad22dac780bed67c066336815557b8cf558c6
  languageName: node
  linkType: hard

"commander@npm:^2.20.0":
  version: 2.20.3
  resolution: "commander@npm:2.20.3"
  checksum: 10/90c5b6898610cd075984c58c4f88418a4fb44af08c1b1415e9854c03171bec31b336b7f3e4cefe33de994b3f12b03c5e2d638da4316df83593b9e82554e7e95b
  languageName: node
  linkType: hard

"electron-to-chromium@npm:^1.5.376":
  version: 1.5.378
  resolution: "electron-to-chromium@npm:1.5.378"
  checksum: 10/05d86098bdb0f4a65289cd884ed0e44b6808ee47ba3d5ea5f03e8ae4b465a01e5f1111e4dd465f9d078e0788c10580ab8785e0a3a2f83d747400474e224ead05
  languageName: node
  linkType: hard

"enhanced-resolve@npm:^5.22.2":
  version: 5.24.1
  resolution: "enhanced-resolve@npm:5.24.1"
  dependencies:
    graceful-fs: "npm:^4.2.4"
    tapable: "npm:^2.3.3"
  checksum: 10/161f52840ad84390ad5b9ac611692b0b45dd12a673455df697bb824a6fef47490ee7dadbe9fd7f003d9a576be8741092b7c0d9e8147e8fb47dbad698f2de2a9b
  languageName: node
  linkType: hard

"es-module-lexer@npm:^2.1.0":
  version: 2.1.0
  resolution: "es-module-lexer@npm:2.1.0"
  checksum: 10/554c4374e78a812a1fa3673871ce7d42236438c414ea80c2ec35521cd9bb26d1d9155287529057d07431fd91df50d6a26d9bee5afd755fb7f6f7c81905a03956
  languageName: node
  linkType: hard

"escalade@npm:^3.2.0":
  version: 3.2.0
  resolution: "escalade@npm:3.2.0"
  checksum: 10/9d7169e3965b2f9ae46971afa392f6e5a25545ea30f2e2dd99c9b0a95a3f52b5653681a84f5b2911a413ddad2d7a93d3514165072f349b5ffc59c75a899970d6
  languageName: node
  linkType: hard

"eslint-scope@npm:5.1.1":
  version: 5.1.1
  resolution: "eslint-scope@npm:5.1.1"
  dependencies:
    esrecurse: "npm:^4.3.0"
    estraverse: "npm:^4.1.1"
  checksum: 10/c541ef384c92eb5c999b7d3443d80195fcafb3da335500946f6db76539b87d5826c8f2e1d23bf6afc3154ba8cd7c8e566f8dc00f1eea25fdf3afc8fb9c87b238
  languageName: node
  linkType: hard

"esrecurse@npm:^4.3.0":
  version: 4.3.0
  resolution: "esrecurse@npm:4.3.0"
  dependencies:
    estraverse: "npm:^5.2.0"
  checksum: 10/44ffcd89e714ea6b30143e7f119b104fc4d75e77ee913f34d59076b40ef2d21967f84e019f84e1fd0465b42cdbf725db449f232b5e47f29df29ed76194db8e16
  languageName: node
  linkType: hard

"estraverse@npm:^4.1.1":
  version: 4.3.0
  resolution: "estraverse@npm:4.3.0"
  checksum: 10/3f67ad02b6dbfaddd9ea459cf2b6ef4ecff9a6082a7af9d22e445b9abc082ad9ca47e1825557b293fcdae477f4714e561123e30bb6a5b2f184fb2bad4a9497eb
  languageName: node
  linkType: hard

"estraverse@npm:^5.2.0":
  version: 5.3.0
  resolution: "estraverse@npm:5.3.0"
  checksum: 10/37cbe6e9a68014d34dbdc039f90d0baf72436809d02edffcc06ba3c2a12eb298048f877511353b130153e532aac8d68ba78430c0dd2f44806ebc7c014b01585e
  languageName: node
  linkType: hard

"events@npm:^3.2.0":
  version: 3.3.0
  resolution: "events@npm:3.3.0"
  checksum: 10/a3d47e285e28d324d7180f1e493961a2bbb4cad6412090e4dec114f4db1f5b560c7696ee8e758f55e23913ede856e3689cd3aa9ae13c56b5d8314cd3b3ddd1be
  languageName: node
  linkType: hard

"fast-deep-equal@npm:^3.1.3":
  version: 3.1.3
  resolution: "fast-deep-equal@npm:3.1.3"
  checksum: 10/e21a9d8d84f53493b6aa15efc9cfd53dd5b714a1f23f67fb5dc8f574af80df889b3bce25dc081887c6d25457cce704e636395333abad896ccdec03abaf1f3f9d
  languageName: node
  linkType: hard

"fast-uri@npm:^3.0.1":
  version: 3.1.2
  resolution: "fast-uri@npm:3.1.2"
  checksum: 10/1dff04865b2a38d3e0659deadfbf72efdf83a776bfbf9667e4aa9e5a3ec31bc341cda9622136b32b7652a857c8ba11896794186e8f876f8b2b72731fce8622f6
  languageName: node
  linkType: hard

"graceful-fs@npm:^4.1.2, graceful-fs@npm:^4.2.11, graceful-fs@npm:^4.2.4":
  version: 4.2.11
  resolution: "graceful-fs@npm:4.2.11"
  checksum: 10/bf152d0ed1dc159239db1ba1f74fdbc40cb02f626770dcd5815c427ce0688c2635a06ed69af364396da4636d0408fcf7d4afdf7881724c3307e46aff30ca49e2
  languageName: node
  linkType: hard

"has-flag@npm:^4.0.0":
  version: 4.0.0
  resolution: "has-flag@npm:4.0.0"
  checksum: 10/261a1357037ead75e338156b1f9452c016a37dcd3283a972a30d9e4a87441ba372c8b81f818cd0fbcd9c0354b4ae7e18b9e1afa1971164aef6d18c2b6095a8ad
  languageName: node
  linkType: hard

"jest-worker@npm:^27.4.5":
  version: 27.5.1
  resolution: "jest-worker@npm:27.5.1"
  dependencies:
    "@types/node": "npm:*"
    merge-stream: "npm:^2.0.0"
    supports-color: "npm:^8.0.0"
  checksum: 10/06c6e2a84591d9ede704d5022fc13791e8876e83397c89d481b0063332abbb64c0f01ef4ca7de520b35c7a1058556078d6bdc3631376f4e9ffb42316c1a8488e
  languageName: node
  linkType: hard

"json-schema-traverse@npm:^1.0.0":
  version: 1.0.0
  resolution: "json-schema-traverse@npm:1.0.0"
  checksum: 10/02f2f466cdb0362558b2f1fd5e15cce82ef55d60cd7f8fa828cf35ba74330f8d767fcae5c5c2adb7851fa811766c694b9405810879bc4e1ddd78a7c0e03658ad
  languageName: node
  linkType: hard

"loader-runner@npm:^4.3.2":
  version: 4.3.2
  resolution: "loader-runner@npm:4.3.2"
  checksum: 10/fc0cf0026cdea7182720f58e8ff07869334bf299bd451d6192a8c2c4119ad493f1e0f5df099d031e81361f96196150d21047bf415edef4dc1e0fa02fa65ecced
  languageName: node
  linkType: hard

"merge-stream@npm:^2.0.0":
  version: 2.0.0
  resolution: "merge-stream@npm:2.0.0"
  checksum: 10/6fa4dcc8d86629705cea944a4b88ef4cb0e07656ebf223fa287443256414283dd25d91c1cd84c77987f2aec5927af1a9db6085757cb43d90eb170ebf4b47f4f4
  languageName: node
  linkType: hard

"mime-db@npm:^1.54.0":
  version: 1.54.0
  resolution: "mime-db@npm:1.54.0"
  checksum: 10/9e7834be3d66ae7f10eaa69215732c6d389692b194f876198dca79b2b90cbf96688d9d5d05ef7987b20f749b769b11c01766564264ea5f919c88b32a29011311
  languageName: node
  linkType: hard

"minimizer-webpack-plugin@npm:^5.6.1":
  version: 5.6.1
  resolution: "minimizer-webpack-plugin@npm:5.6.1"
  dependencies:
    "@jridgewell/trace-mapping": "npm:^0.3.25"
    jest-worker: "npm:^27.4.5"
    schema-utils: "npm:^4.3.0"
    terser: "npm:^5.31.1"
  peerDependencies:
    webpack: ^5.1.0
  peerDependenciesMeta:
    "@minify-html/node":
      optional: true
    "@swc/core":
      optional: true
    "@swc/css":
      optional: true
    "@swc/html":
      optional: true
    clean-css:
      optional: true
    cssnano:
      optional: true
    csso:
      optional: true
    esbuild:
      optional: true
    html-minifier-terser:
      optional: true
    lightningcss:
      optional: true
    postcss:
      optional: true
    uglify-js:
      optional: true
  checksum: 10/c9168bea57cdcd338721068996735b68e5660bab775011710e524d8b7673db249b410641e89d8f3f88c0807c4d954f9b874a2b5ba4795e75af9d08c91ed4c40a
  languageName: node
  linkType: hard

"neo-async@npm:^2.6.2":
  version: 2.6.2
  resolution: "neo-async@npm:2.6.2"
  checksum: 10/1a7948fea86f2b33ec766bc899c88796a51ba76a4afc9026764aedc6e7cde692a09067031e4a1bf6db4f978ccd99e7f5b6c03fe47ad9865c3d4f99050d67e002
  languageName: node
  linkType: hard

"node-releases@npm:^2.0.48":
  version: 2.0.50
  resolution: "node-releases@npm:2.0.50"
  checksum: 10/c40306176fc9d43d27b919034fab57ab0753448dfcabeb1ae669128d28f595fba4c329a269b2d7fa9bb7d5a6d2bda8b2bd8fe5e8446226bb809f448fec2e80fb
  languageName: node
  linkType: hard

"picocolors@npm:^1.1.1":
  version: 1.1.1
  resolution: "picocolors@npm:1.1.1"
  checksum: 10/e1cf46bf84886c79055fdfa9dcb3e4711ad259949e3565154b004b260cd356c5d54b31a1437ce9782624bf766272fe6b0154f5f0c744fb7af5d454d2b60db045
  languageName: node
  linkType: hard

"require-from-string@npm:^2.0.2":
  version: 2.0.2
  resolution: "require-from-string@npm:2.0.2"
  checksum: 10/839a3a890102a658f4cb3e7b2aa13a1f80a3a976b512020c3d1efc418491c48a886b6e481ea56afc6c4cb5eef678f23b2a4e70575e7534eccadf5e30ed2e56eb
  languageName: node
  linkType: hard

"schema-utils@npm:^4.3.0, schema-utils@npm:^4.3.3":
  version: 4.3.3
  resolution: "schema-utils@npm:4.3.3"
  dependencies:
    "@types/json-schema": "npm:^7.0.9"
    ajv: "npm:^8.9.0"
    ajv-formats: "npm:^2.1.1"
    ajv-keywords: "npm:^5.1.0"
  checksum: 10/dba77a46ad7ff0c906f7f09a1a61109e6cb56388f15a68070b93c47a691f516c6a3eb454f81a8cceb0a0e55b87f8b05770a02bfb1f4e0a3143b5887488b2f900
  languageName: node
  linkType: hard

"source-map-support@npm:~0.5.20":
  version: 0.5.21
  resolution: "source-map-support@npm:0.5.21"
  dependencies:
    buffer-from: "npm:^1.0.0"
    source-map: "npm:^0.6.0"
  checksum: 10/8317e12d84019b31e34b86d483dd41d6f832f389f7417faf8fc5c75a66a12d9686e47f589a0554a868b8482f037e23df9d040d29387eb16fa14cb85f091ba207
  languageName: node
  linkType: hard

"source-map@npm:^0.6.0":
  version: 0.6.1
  resolution: "source-map@npm:0.6.1"
  checksum: 10/59ef7462f1c29d502b3057e822cdbdae0b0e565302c4dd1a95e11e793d8d9d62006cdc10e0fd99163ca33ff2071360cf50ee13f90440806e7ed57d81cba2f7ff
  languageName: node
  linkType: hard

"supports-color@npm:^8.0.0":
  version: 8.1.1
  resolution: "supports-color@npm:8.1.1"
  dependencies:
    has-flag: "npm:^4.0.0"
  checksum: 10/157b534df88e39c5518c5e78c35580c1eca848d7dbaf31bbe06cdfc048e22c7ff1a9d046ae17b25691128f631a51d9ec373c1b740c12ae4f0de6e292037e4282
  languageName: node
  linkType: hard

"tapable@npm:^2.3.0, tapable@npm:^2.3.3":
  version: 2.3.3
  resolution: "tapable@npm:2.3.3"
  checksum: 10/21fb64a7ae1a0e11d855a6c33a22ae5ecf7e2f23170c942da673b44bf4c3aae8aa52451ef2792d0ce36c7feca13dceafa4f135105d66fc06912632488c0913fd
  languageName: node
  linkType: hard

"terser@npm:^5.31.1":
  version: 5.48.0
  resolution: "terser@npm:5.48.0"
  dependencies:
    "@jridgewell/source-map": "npm:^0.3.3"
    acorn: "npm:^8.15.0"
    commander: "npm:^2.20.0"
    source-map-support: "npm:~0.5.20"
  bin:
    terser: bin/terser
  checksum: 10/dfbb121823b703bed2f36b7464e2ee5c7a9147fcebdb0c40e372318796b9a13e34b0610fd8af983e4d849a5b060262e08e2601d16032849086afa831fbf7f690
  languageName: node
  linkType: hard

"undici-types@npm:~8.3.0":
  version: 8.3.0
  resolution: "undici-types@npm:8.3.0"
  checksum: 10/6681d2837ac75a75ac1cc46090aa2b8ddc7c6b8ecc295a6cdb06838752a730da3d8afeecf05e5ab7903160eafad3a8b6ffa1927e5ded260590f4d4fef18646d5
  languageName: node
  linkType: hard

"update-browserslist-db@npm:^1.2.3":
  version: 1.2.3
  resolution: "update-browserslist-db@npm:1.2.3"
  dependencies:
    escalade: "npm:^3.2.0"
    picocolors: "npm:^1.1.1"
  peerDependencies:
    browserslist: ">= 4.21.0"
  bin:
    update-browserslist-db: cli.js
  checksum: 10/059f774300efb4b084a49293143c511f3ae946d40397b5c30914e900cd5691a12b8e61b41dd54ed73d3b56c8204165a0333107dd784ccf8f8c81790bcc423175
  languageName: node
  linkType: hard

"watchpack@npm:^2.5.2":
  version: 2.5.2
  resolution: "watchpack@npm:2.5.2"
  dependencies:
    graceful-fs: "npm:^4.1.2"
  checksum: 10/203a41249b20521da0d86d9449510b66764440a189351eb3d2f84257bfddd4713ba984b7a1e1c1ef5938d987f7df37ee960ec0e2606a204d372f6366ea816e25
  languageName: node
  linkType: hard

"webpack-sources@npm:^3.5.0":
  version: 3.5.0
  resolution: "webpack-sources@npm:3.5.0"
  checksum: 10/e5af4245dbe52bb1520c7c373d73042fe091e273ff94269b877725a7873481e544ba4e71722df13e278f88069de900052764d98b99f9910be634826ec2f6e67d
  languageName: node
  linkType: hard

"webpack@npm:5.108.4":
  version: 5.108.4
  resolution: "webpack@npm:5.108.4"
  dependencies:
    "@types/estree": "npm:^1.0.8"
    "@types/json-schema": "npm:^7.0.15"
    "@webassemblyjs/ast": "npm:^1.14.1"
    "@webassemblyjs/wasm-edit": "npm:^1.14.1"
    "@webassemblyjs/wasm-parser": "npm:^1.14.1"
    acorn: "npm:^8.16.0"
    acorn-import-phases: "npm:^1.0.3"
    browserslist: "npm:^4.28.1"
    chrome-trace-event: "npm:^1.0.2"
    enhanced-resolve: "npm:^5.22.2"
    es-module-lexer: "npm:^2.1.0"
    eslint-scope: "npm:5.1.1"
    events: "npm:^3.2.0"
    graceful-fs: "npm:^4.2.11"
    loader-runner: "npm:^4.3.2"
    mime-db: "npm:^1.54.0"
    minimizer-webpack-plugin: "npm:^5.6.1"
    neo-async: "npm:^2.6.2"
    schema-utils: "npm:^4.3.3"
    tapable: "npm:^2.3.0"
    watchpack: "npm:^2.5.2"
    webpack-sources: "npm:^3.5.0"
  peerDependenciesMeta:
    webpack-cli:
      optional: true
  bin:
    webpack: bin/webpack.js
  checksum: 10/f93cbd33e76a0ba8b708600ca0be66f172dda8f3eff5d201e4a1021af38a5c5d6b57a5d7eaf9a525fbd383907a05d92c2a04b21839e509a03bcbd61f13fa6093
  languageName: node
  linkType: hard
