# This file is generated by running "yarn install" inside your project.
# Manual changes might be lost - proceed with caution!

__metadata:
  version: 8
  cacheKey: 10

"eslint-plugin-prettier-internal-rules@workspace:.":
  version: 0.0.0-use.local
  resolution: "eslint-plugin-prettier-internal-rules@workspace:."
  languageName: unknown
  linkType: soft
