name: "Lock"

on:
  schedule:
    - cron: "0 0 * * *"

jobs:
  lock:
    runs-on: ubuntu-latest
    steps:
      - uses: dessant/lock-threads@v2
        with:
          # https://github.com/dessant/lock-threads
          github-token: ${{ github.token }}
          issue-lock-inactive-days: "90"
          issue-exclude-created-before: ""
          issue-exclude-labels: "keep-unlocked, status:awaiting response"
          issue-lock-labels: "locked-due-to-inactivity"
          issue-lock-comment: ""
          issue-lock-reason: "resolved"
